// !$*UTF8*$!
{
	archiveVersion = 1;
	classes = {
	};
	objectVersion = 46;
	objects = {

/* Begin PBXBuildFile section */
		9C0BB22C1DF0962100C3A06D /* MKAnnotationView+WebCache.m in Sources */ = {isa = PBXBuildFile; fileRef = 9C0BB2051DF0962100C3A06D /* MKAnnotationView+WebCache.m */; };
		9C0BB22D1DF0962100C3A06D /* NSData+ImageContentType.m in Sources */ = {isa = PBXBuildFile; fileRef = 9C0BB2071DF0962100C3A06D /* NSData+ImageContentType.m */; };
		9C0BB22E1DF0962100C3A06D /* NSImage+WebCache.m in Sources */ = {isa = PBXBuildFile; fileRef = 9C0BB2091DF0962100C3A06D /* NSImage+WebCache.m */; };
		9C0BB22F1DF0962100C3A06D /* SDImageCache.m in Sources */ = {isa = PBXBuildFile; fileRef = 9C0BB20B1DF0962100C3A06D /* SDImageCache.m */; };
		9C0BB2301DF0962100C3A06D /* SDImageCacheConfig.m in Sources */ = {isa = PBXBuildFile; fileRef = 9C0BB20D1DF0962100C3A06D /* SDImageCacheConfig.m */; };
		9C0BB2311DF0962100C3A06D /* SDWebImageCompat.m in Sources */ = {isa = PBXBuildFile; fileRef = 9C0BB20F1DF0962100C3A06D /* SDWebImageCompat.m */; };
		9C0BB2321DF0962100C3A06D /* SDWebImageDecoder.m in Sources */ = {isa = PBXBuildFile; fileRef = 9C0BB2111DF0962100C3A06D /* SDWebImageDecoder.m */; };
		9C0BB2331DF0962100C3A06D /* SDWebImageDownloader.m in Sources */ = {isa = PBXBuildFile; fileRef = 9C0BB2131DF0962100C3A06D /* SDWebImageDownloader.m */; };
		9C0BB2341DF0962100C3A06D /* SDWebImageDownloaderOperation.m in Sources */ = {isa = PBXBuildFile; fileRef = 9C0BB2151DF0962100C3A06D /* SDWebImageDownloaderOperation.m */; };
		9C0BB2351DF0962100C3A06D /* SDWebImageManager.m in Sources */ = {isa = PBXBuildFile; fileRef = 9C0BB2171DF0962100C3A06D /* SDWebImageManager.m */; };
		9C0BB2361DF0962100C3A06D /* SDWebImagePrefetcher.m in Sources */ = {isa = PBXBuildFile; fileRef = 9C0BB21A1DF0962100C3A06D /* SDWebImagePrefetcher.m */; };
		9C0BB2371DF0962100C3A06D /* UIButton+WebCache.m in Sources */ = {isa = PBXBuildFile; fileRef = 9C0BB21C1DF0962100C3A06D /* UIButton+WebCache.m */; };
		9C0BB2381DF0962100C3A06D /* UIImage+GIF.m in Sources */ = {isa = PBXBuildFile; fileRef = 9C0BB21E1DF0962100C3A06D /* UIImage+GIF.m */; };
		9C0BB2391DF0962100C3A06D /* UIImage+MultiFormat.m in Sources */ = {isa = PBXBuildFile; fileRef = 9C0BB2201DF0962100C3A06D /* UIImage+MultiFormat.m */; };
		9C0BB23A1DF0962100C3A06D /* UIImage+WebP.m in Sources */ = {isa = PBXBuildFile; fileRef = 9C0BB2221DF0962100C3A06D /* UIImage+WebP.m */; };
		9C0BB23B1DF0962100C3A06D /* UIImageView+HighlightedWebCache.m in Sources */ = {isa = PBXBuildFile; fileRef = 9C0BB2241DF0962100C3A06D /* UIImageView+HighlightedWebCache.m */; };
		9C0BB23C1DF0962100C3A06D /* UIImageView+WebCache.m in Sources */ = {isa = PBXBuildFile; fileRef = 9C0BB2261DF0962100C3A06D /* UIImageView+WebCache.m */; };
		9C0BB23D1DF0962100C3A06D /* UIView+WebCache.m in Sources */ = {isa = PBXBuildFile; fileRef = 9C0BB2281DF0962100C3A06D /* UIView+WebCache.m */; };
		9C0BB23E1DF0962100C3A06D /* UIView+WebCacheOperation.m in Sources */ = {isa = PBXBuildFile; fileRef = 9C0BB22A1DF0962100C3A06D /* UIView+WebCacheOperation.m */; };
		9C0BB2411DF0B35300C3A06D /* HotelListTableViewCell.m in Sources */ = {isa = PBXBuildFile; fileRef = 9C0BB2401DF0B35300C3A06D /* HotelListTableViewCell.m */; };
		9C0BB2431DF0C33800C3A06D /* Media.xcassets in Resources */ = {isa = PBXBuildFile; fileRef = 9C0BB2421DF0C33800C3A06D /* Media.xcassets */; };
		9C235CCB1EA908C800D8A167 /* UIViewController+Navigation.m in Sources */ = {isa = PBXBuildFile; fileRef = 9C235CCA1EA908C800D8A167 /* UIViewController+Navigation.m */; };
		9C235CCE1EA908F800D8A167 /* UIColor+Extensions.m in Sources */ = {isa = PBXBuildFile; fileRef = 9C235CCD1EA908F800D8A167 /* UIColor+Extensions.m */; };
		9C2DC4F81DD23F0500933515 /* PPNSdk.h in Headers */ = {isa = PBXBuildFile; fileRef = 9C2DC4F61DD23F0500933515 /* PPNSdk.h */; settings = {ATTRIBUTES = (Public, ); }; };
		9C2DC5061DD23F1400933515 /* main.m in Sources */ = {isa = PBXBuildFile; fileRef = 9C2DC5051DD23F1400933515 /* main.m */; };
		9C2DC5091DD23F1400933515 /* AppDelegate.m in Sources */ = {isa = PBXBuildFile; fileRef = 9C2DC5081DD23F1400933515 /* AppDelegate.m */; };
		9C2DC50C1DD23F1400933515 /* ViewController.m in Sources */ = {isa = PBXBuildFile; fileRef = 9C2DC50B1DD23F1400933515 /* ViewController.m */; };
		9C2DC50F1DD23F1400933515 /* Main.storyboard in Resources */ = {isa = PBXBuildFile; fileRef = 9C2DC50D1DD23F1400933515 /* Main.storyboard */; };
		9C2DC5111DD23F1400933515 /* Assets.xcassets in Resources */ = {isa = PBXBuildFile; fileRef = 9C2DC5101DD23F1400933515 /* Assets.xcassets */; };
		9C2DC5141DD23F1400933515 /* LaunchScreen.storyboard in Resources */ = {isa = PBXBuildFile; fileRef = 9C2DC5121DD23F1400933515 /* LaunchScreen.storyboard */; };
		9C2DC5211DD23FDC00933515 /* AirAutoCompleteParser.h in Headers */ = {isa = PBXBuildFile; fileRef = 9C2DC51D1DD23FDC00933515 /* AirAutoCompleteParser.h */; };
		9C2DC5221DD23FDC00933515 /* AirAutoCompleteParser.m in Sources */ = {isa = PBXBuildFile; fileRef = 9C2DC51E1DD23FDC00933515 /* AirAutoCompleteParser.m */; };
		9C2DC5231DD23FDC00933515 /* AirAutoCompleteResults.h in Headers */ = {isa = PBXBuildFile; fileRef = 9C2DC51F1DD23FDC00933515 /* AirAutoCompleteResults.h */; settings = {ATTRIBUTES = (Public, ); }; };
		9C2DC5241DD23FDC00933515 /* AirAutoCompleteResults.m in Sources */ = {isa = PBXBuildFile; fileRef = 9C2DC5201DD23FDC00933515 /* AirAutoCompleteResults.m */; };
		9C2DC5291DD23FEB00933515 /* PPNClient.h in Headers */ = {isa = PBXBuildFile; fileRef = 9C2DC5251DD23FEB00933515 /* PPNClient.h */; };
		9C2DC52A1DD23FEB00933515 /* PPNClient.m in Sources */ = {isa = PBXBuildFile; fileRef = 9C2DC5261DD23FEB00933515 /* PPNClient.m */; };
		9C2DC52B1DD23FEB00933515 /* PPNWebService.h in Headers */ = {isa = PBXBuildFile; fileRef = 9C2DC5271DD23FEB00933515 /* PPNWebService.h */; };
		9C2DC52C1DD23FEB00933515 /* PPNWebService.m in Sources */ = {isa = PBXBuildFile; fileRef = 9C2DC5281DD23FEB00933515 /* PPNWebService.m */; };
		9C2DC5301DD2403300933515 /* SSOrderedDictionary.h in Headers */ = {isa = PBXBuildFile; fileRef = 9C2DC52E1DD2403300933515 /* SSOrderedDictionary.h */; };
		9C2DC5311DD2403300933515 /* SSOrderedDictionary.m in Sources */ = {isa = PBXBuildFile; fileRef = 9C2DC52F1DD2403300933515 /* SSOrderedDictionary.m */; };
		9C2DC5321DD2409100933515 /* PPNSdk.framework in Frameworks */ = {isa = PBXBuildFile; fileRef = 9C2DC4F31DD23F0500933515 /* PPNSdk.framework */; };
		9C2DC5331DD2409100933515 /* PPNSdk.framework in Embed Frameworks */ = {isa = PBXBuildFile; fileRef = 9C2DC4F31DD23F0500933515 /* PPNSdk.framework */; settings = {ATTRIBUTES = (CodeSignOnCopy, RemoveHeadersOnCopy, ); }; };
		9C2DC5391DD242FB00933515 /* PPNServices.h in Headers */ = {isa = PBXBuildFile; fileRef = 9C2DC5371DD242FB00933515 /* PPNServices.h */; settings = {ATTRIBUTES = (Public, ); }; };
		9C2DC53A1DD242FB00933515 /* PPNServices.m in Sources */ = {isa = PBXBuildFile; fileRef = 9C2DC5381DD242FB00933515 /* PPNServices.m */; };
		9C2DC53D1DD2439600933515 /* PPNInternalManager.h in Headers */ = {isa = PBXBuildFile; fileRef = 9C2DC53B1DD2439600933515 /* PPNInternalManager.h */; };
		9C2DC53E1DD2439600933515 /* PPNInternalManager.m in Sources */ = {isa = PBXBuildFile; fileRef = 9C2DC53C1DD2439600933515 /* PPNInternalManager.m */; };
		9C2DC5441DD2727200933515 /* AirAutoCompleteAirportModel.h in Headers */ = {isa = PBXBuildFile; fileRef = 9C2DC5421DD2727200933515 /* AirAutoCompleteAirportModel.h */; settings = {ATTRIBUTES = (Public, ); }; };
		9C2DC5451DD2727200933515 /* AirAutoCompleteAirportModel.m in Sources */ = {isa = PBXBuildFile; fileRef = 9C2DC5431DD2727200933515 /* AirAutoCompleteAirportModel.m */; };
		9C2DC5481DD274C400933515 /* AirAutoCompleteCityModel.h in Headers */ = {isa = PBXBuildFile; fileRef = 9C2DC5461DD274C400933515 /* AirAutoCompleteCityModel.h */; settings = {ATTRIBUTES = (Public, ); }; };
		9C2DC5491DD274C400933515 /* AirAutoCompleteCityModel.m in Sources */ = {isa = PBXBuildFile; fileRef = 9C2DC5471DD274C400933515 /* AirAutoCompleteCityModel.m */; };
		9C2DC54D1DD279A500933515 /* FlightDepartureResults.h in Headers */ = {isa = PBXBuildFile; fileRef = 9C2DC54B1DD279A500933515 /* FlightDepartureResults.h */; settings = {ATTRIBUTES = (Public, ); }; };
		9C2DC54E1DD279A500933515 /* FlightDepartureResults.m in Sources */ = {isa = PBXBuildFile; fileRef = 9C2DC54C1DD279A500933515 /* FlightDepartureResults.m */; };
		9C2DC5511DD2802E00933515 /* FlightDepartureParser.h in Headers */ = {isa = PBXBuildFile; fileRef = 9C2DC54F1DD2802E00933515 /* FlightDepartureParser.h */; };
		9C2DC5521DD2802E00933515 /* FlightDepartureParser.m in Sources */ = {isa = PBXBuildFile; fileRef = 9C2DC5501DD2802E00933515 /* FlightDepartureParser.m */; };
		9C2DC5551DD2874600933515 /* FlightDepartureItineraryModel.h in Headers */ = {isa = PBXBuildFile; fileRef = 9C2DC5531DD2874600933515 /* FlightDepartureItineraryModel.h */; settings = {ATTRIBUTES = (Public, ); }; };
		9C2DC5561DD2874600933515 /* FlightDepartureItineraryModel.m in Sources */ = {isa = PBXBuildFile; fileRef = 9C2DC5541DD2874600933515 /* FlightDepartureItineraryModel.m */; };
		9C2DC5591DD3B61E00933515 /* ListViewController.m in Sources */ = {isa = PBXBuildFile; fileRef = 9C2DC5581DD3B61E00933515 /* ListViewController.m */; };
		9C2DC55E1DD4E37200933515 /* HotelAutoCompleteResults.h in Headers */ = {isa = PBXBuildFile; fileRef = 9C2DC55C1DD4E37200933515 /* HotelAutoCompleteResults.h */; settings = {ATTRIBUTES = (Public, ); }; };
		9C2DC55F1DD4E37200933515 /* HotelAutoCompleteResults.m in Sources */ = {isa = PBXBuildFile; fileRef = 9C2DC55D1DD4E37200933515 /* HotelAutoCompleteResults.m */; };
		9C2DC5621DD4E72C00933515 /* HotelAutoCompleteParser.h in Headers */ = {isa = PBXBuildFile; fileRef = 9C2DC5601DD4E72C00933515 /* HotelAutoCompleteParser.h */; };
		9C2DC5631DD4E72C00933515 /* HotelAutoCompleteParser.m in Sources */ = {isa = PBXBuildFile; fileRef = 9C2DC5611DD4E72C00933515 /* HotelAutoCompleteParser.m */; };
		9C2DC5661DD5203100933515 /* HotelAutoCompleteAirportModel.h in Headers */ = {isa = PBXBuildFile; fileRef = 9C2DC5641DD5203100933515 /* HotelAutoCompleteAirportModel.h */; settings = {ATTRIBUTES = (Public, ); }; };
		9C2DC5671DD5203100933515 /* HotelAutoCompleteAirportModel.m in Sources */ = {isa = PBXBuildFile; fileRef = 9C2DC5651DD5203100933515 /* HotelAutoCompleteAirportModel.m */; };
		9C2DC56A1DD5234D00933515 /* HotelAutoCompleteCityModel.h in Headers */ = {isa = PBXBuildFile; fileRef = 9C2DC5681DD5234D00933515 /* HotelAutoCompleteCityModel.h */; settings = {ATTRIBUTES = (Public, ); }; };
		9C2DC56B1DD5234D00933515 /* HotelAutoCompleteCityModel.m in Sources */ = {isa = PBXBuildFile; fileRef = 9C2DC5691DD5234D00933515 /* HotelAutoCompleteCityModel.m */; };
		9C2DC56F1DD52C9000933515 /* HotelSearchResults.h in Headers */ = {isa = PBXBuildFile; fileRef = 9C2DC56D1DD52C9000933515 /* HotelSearchResults.h */; settings = {ATTRIBUTES = (Public, ); }; };
		9C2DC5701DD52C9000933515 /* HotelSearchResults.m in Sources */ = {isa = PBXBuildFile; fileRef = 9C2DC56E1DD52C9000933515 /* HotelSearchResults.m */; };
		9C2DC5731DD52F6F00933515 /* HotelSearchParser.h in Headers */ = {isa = PBXBuildFile; fileRef = 9C2DC5711DD52F6F00933515 /* HotelSearchParser.h */; };
		9C2DC5741DD52F6F00933515 /* HotelSearchParser.m in Sources */ = {isa = PBXBuildFile; fileRef = 9C2DC5721DD52F6F00933515 /* HotelSearchParser.m */; };
		9C2DC5771DD531D700933515 /* HotelSearchHotelModel.h in Headers */ = {isa = PBXBuildFile; fileRef = 9C2DC5751DD531D700933515 /* HotelSearchHotelModel.h */; settings = {ATTRIBUTES = (Public, ); }; };
		9C2DC5781DD531D700933515 /* HotelSearchHotelModel.m in Sources */ = {isa = PBXBuildFile; fileRef = 9C2DC5761DD531D700933515 /* HotelSearchHotelModel.m */; };
		9C2DC57C1DD65CDD00933515 /* HotelDetailResults.h in Headers */ = {isa = PBXBuildFile; fileRef = 9C2DC57A1DD65CDD00933515 /* HotelDetailResults.h */; settings = {ATTRIBUTES = (Public, ); }; };
		9C2DC57D1DD65CDD00933515 /* HotelDetailResults.m in Sources */ = {isa = PBXBuildFile; fileRef = 9C2DC57B1DD65CDD00933515 /* HotelDetailResults.m */; };
		9C2DC5801DD65F6400933515 /* HotelDetailViewController.m in Sources */ = {isa = PBXBuildFile; fileRef = 9C2DC57F1DD65F6400933515 /* HotelDetailViewController.m */; };
		9C2DC5831DD668B000933515 /* HotelDetailParser.h in Headers */ = {isa = PBXBuildFile; fileRef = 9C2DC5811DD668B000933515 /* HotelDetailParser.h */; };
		9C2DC5841DD668B000933515 /* HotelDetailParser.m in Sources */ = {isa = PBXBuildFile; fileRef = 9C2DC5821DD668B000933515 /* HotelDetailParser.m */; };
		9C2DC5871DD66B7700933515 /* HotelDetailModel.h in Headers */ = {isa = PBXBuildFile; fileRef = 9C2DC5851DD66B7700933515 /* HotelDetailModel.h */; settings = {ATTRIBUTES = (Public, ); }; };
		9C2DC5881DD66B7700933515 /* HotelDetailModel.m in Sources */ = {isa = PBXBuildFile; fileRef = 9C2DC5861DD66B7700933515 /* HotelDetailModel.m */; };
		9C2DC58C1DDA402800933515 /* HotelRatesResults.h in Headers */ = {isa = PBXBuildFile; fileRef = 9C2DC58A1DDA402800933515 /* HotelRatesResults.h */; settings = {ATTRIBUTES = (Public, ); }; };
		9C2DC58D1DDA402800933515 /* HotelRatesResults.m in Sources */ = {isa = PBXBuildFile; fileRef = 9C2DC58B1DDA402800933515 /* HotelRatesResults.m */; };
		9C2DC5901DDB6FF900933515 /* HotelRatesViewController.m in Sources */ = {isa = PBXBuildFile; fileRef = 9C2DC58F1DDB6FF900933515 /* HotelRatesViewController.m */; };
		9C2DC5931DDB759100933515 /* HotelRatesParser.h in Headers */ = {isa = PBXBuildFile; fileRef = 9C2DC5911DDB759100933515 /* HotelRatesParser.h */; };
		9C2DC5941DDB759100933515 /* HotelRatesParser.m in Sources */ = {isa = PBXBuildFile; fileRef = 9C2DC5921DDB759100933515 /* HotelRatesParser.m */; };
		9C2DC5971DDB79FA00933515 /* HotelRatesModel.h in Headers */ = {isa = PBXBuildFile; fileRef = 9C2DC5951DDB79FA00933515 /* HotelRatesModel.h */; settings = {ATTRIBUTES = (Public, ); }; };
		9C2DC5981DDB79FA00933515 /* HotelRatesModel.m in Sources */ = {isa = PBXBuildFile; fileRef = 9C2DC5961DDB79FA00933515 /* HotelRatesModel.m */; };
		9C2DC59B1DDB7BDE00933515 /* HotelRatesTableViewCell.m in Sources */ = {isa = PBXBuildFile; fileRef = 9C2DC59A1DDB7BDE00933515 /* HotelRatesTableViewCell.m */; };
		9C2DC5A01DDB998A00933515 /* HotelContractResults.h in Headers */ = {isa = PBXBuildFile; fileRef = 9C2DC59E1DDB998A00933515 /* HotelContractResults.h */; settings = {ATTRIBUTES = (Public, ); }; };
		9C2DC5A11DDB998A00933515 /* HotelContractResults.m in Sources */ = {isa = PBXBuildFile; fileRef = 9C2DC59F1DDB998A00933515 /* HotelContractResults.m */; };
		9C2DC5A41DDB9A9200933515 /* HotelContractViewController.m in Sources */ = {isa = PBXBuildFile; fileRef = 9C2DC5A31DDB9A9200933515 /* HotelContractViewController.m */; };
		9C2DC5A71DDB9BCC00933515 /* HotelContractParser.h in Headers */ = {isa = PBXBuildFile; fileRef = 9C2DC5A51DDB9BCC00933515 /* HotelContractParser.h */; };
		9C2DC5A81DDB9BCC00933515 /* HotelContractParser.m in Sources */ = {isa = PBXBuildFile; fileRef = 9C2DC5A61DDB9BCC00933515 /* HotelContractParser.m */; };
		9C2DC5AB1DDBA10000933515 /* HotelContractModel.h in Headers */ = {isa = PBXBuildFile; fileRef = 9C2DC5A91DDBA10000933515 /* HotelContractModel.h */; settings = {ATTRIBUTES = (Public, ); }; };
		9C2DC5AC1DDBA10000933515 /* HotelContractModel.m in Sources */ = {isa = PBXBuildFile; fileRef = 9C2DC5AA1DDBA10000933515 /* HotelContractModel.m */; };
		9C2DC5B81DDBAC4400933515 /* DAYCalendarView.m in Sources */ = {isa = PBXBuildFile; fileRef = 9C2DC5AF1DDBAC4400933515 /* DAYCalendarView.m */; };
		9C2DC5B91DDBAC4400933515 /* DAYComponentView.m in Sources */ = {isa = PBXBuildFile; fileRef = 9C2DC5B11DDBAC4400933515 /* DAYComponentView.m */; };
		9C2DC5BA1DDBAC4400933515 /* DAYIndicatorView.m in Sources */ = {isa = PBXBuildFile; fileRef = 9C2DC5B31DDBAC4400933515 /* DAYIndicatorView.m */; };
		9C2DC5BB1DDBAC4400933515 /* DAYNavigationBar.m in Sources */ = {isa = PBXBuildFile; fileRef = 9C2DC5B51DDBAC4400933515 /* DAYNavigationBar.m */; };
		9C2DC5BC1DDBAC4400933515 /* DAYUtils.m in Sources */ = {isa = PBXBuildFile; fileRef = 9C2DC5B71DDBAC4400933515 /* DAYUtils.m */; };
		9C38E1E61ECE38420029E2F3 /* PopupCalendar.framework in Frameworks */ = {isa = PBXBuildFile; fileRef = 9C38E1E51ECE38420029E2F3 /* PopupCalendar.framework */; };
		9C38E1E81ECE38480029E2F3 /* PopupCalendar.framework in Embed Frameworks */ = {isa = PBXBuildFile; fileRef = 9C38E1E51ECE38420029E2F3 /* PopupCalendar.framework */; settings = {ATTRIBUTES = (CodeSignOnCopy, RemoveHeadersOnCopy, ); }; };
		9C38E1EB1ECE3E7A0029E2F3 /* GuestsPopupViewController.m in Sources */ = {isa = PBXBuildFile; fileRef = 9C38E1EA1ECE3E7A0029E2F3 /* GuestsPopupViewController.m */; };
		9C627C471ECC9CE000ED089D /* HomeViewController.m in Sources */ = {isa = PBXBuildFile; fileRef = 9C627C461ECC9CE000ED089D /* HomeViewController.m */; };
		9C627C4A1ECCA52B00ED089D /* HomeSuggestionCell.m in Sources */ = {isa = PBXBuildFile; fileRef = 9C627C491ECCA52B00ED089D /* HomeSuggestionCell.m */; };
		9C627C4E1ECCC3CD00ED089D /* SearchDestinationViewController.m in Sources */ = {isa = PBXBuildFile; fileRef = 9C627C4D1ECCC3CD00ED089D /* SearchDestinationViewController.m */; };
		9C627C521ECCE99E00ED089D /* CreateItineraryViewController.m in Sources */ = {isa = PBXBuildFile; fileRef = 9C627C511ECCE99E00ED089D /* CreateItineraryViewController.m */; };
/* End PBXBuildFile section */

/* Begin PBXContainerItemProxy section */
		9C2DC5341DD2409100933515 /* PBXContainerItemProxy */ = {
			isa = PBXContainerItemProxy;
			containerPortal = 9C2DC4EA1DD23F0500933515 /* Project object */;
			proxyType = 1;
			remoteGlobalIDString = 9C2DC4F21DD23F0500933515;
			remoteInfo = PPNSdk;
		};
/* End PBXContainerItemProxy section */

/* Begin PBXCopyFilesBuildPhase section */
		9C2DC5361DD2409100933515 /* Embed Frameworks */ = {
			isa = PBXCopyFilesBuildPhase;
			buildActionMask = 2147483647;
			dstPath = "";
			dstSubfolderSpec = 10;
			files = (
				9C2DC5331DD2409100933515 /* PPNSdk.framework in Embed Frameworks */,
				9C38E1E81ECE38480029E2F3 /* PopupCalendar.framework in Embed Frameworks */,
			);
			name = "Embed Frameworks";
			runOnlyForDeploymentPostprocessing = 0;
		};
/* End PBXCopyFilesBuildPhase section */

/* Begin PBXFileReference section */
		9C0BB2041DF0962100C3A06D /* MKAnnotationView+WebCache.h */ = {isa = PBXFileReference; fileEncoding = 4; lastKnownFileType = sourcecode.c.h; path = "MKAnnotationView+WebCache.h"; sourceTree = "<group>"; };
		9C0BB2051DF0962100C3A06D /* MKAnnotationView+WebCache.m */ = {isa = PBXFileReference; fileEncoding = 4; lastKnownFileType = sourcecode.c.objc; path = "MKAnnotationView+WebCache.m"; sourceTree = "<group>"; };
		9C0BB2061DF0962100C3A06D /* NSData+ImageContentType.h */ = {isa = PBXFileReference; fileEncoding = 4; lastKnownFileType = sourcecode.c.h; path = "NSData+ImageContentType.h"; sourceTree = "<group>"; };
		9C0BB2071DF0962100C3A06D /* NSData+ImageContentType.m */ = {isa = PBXFileReference; fileEncoding = 4; lastKnownFileType = sourcecode.c.objc; path = "NSData+ImageContentType.m"; sourceTree = "<group>"; };
		9C0BB2081DF0962100C3A06D /* NSImage+WebCache.h */ = {isa = PBXFileReference; fileEncoding = 4; lastKnownFileType = sourcecode.c.h; path = "NSImage+WebCache.h"; sourceTree = "<group>"; };
		9C0BB2091DF0962100C3A06D /* NSImage+WebCache.m */ = {isa = PBXFileReference; fileEncoding = 4; lastKnownFileType = sourcecode.c.objc; path = "NSImage+WebCache.m"; sourceTree = "<group>"; };
		9C0BB20A1DF0962100C3A06D /* SDImageCache.h */ = {isa = PBXFileReference; fileEncoding = 4; lastKnownFileType = sourcecode.c.h; path = SDImageCache.h; sourceTree = "<group>"; };
		9C0BB20B1DF0962100C3A06D /* SDImageCache.m */ = {isa = PBXFileReference; fileEncoding = 4; lastKnownFileType = sourcecode.c.objc; path = SDImageCache.m; sourceTree = "<group>"; };
		9C0BB20C1DF0962100C3A06D /* SDImageCacheConfig.h */ = {isa = PBXFileReference; fileEncoding = 4; lastKnownFileType = sourcecode.c.h; path = SDImageCacheConfig.h; sourceTree = "<group>"; };
		9C0BB20D1DF0962100C3A06D /* SDImageCacheConfig.m */ = {isa = PBXFileReference; fileEncoding = 4; lastKnownFileType = sourcecode.c.objc; path = SDImageCacheConfig.m; sourceTree = "<group>"; };
		9C0BB20E1DF0962100C3A06D /* SDWebImageCompat.h */ = {isa = PBXFileReference; fileEncoding = 4; lastKnownFileType = sourcecode.c.h; path = SDWebImageCompat.h; sourceTree = "<group>"; };
		9C0BB20F1DF0962100C3A06D /* SDWebImageCompat.m */ = {isa = PBXFileReference; fileEncoding = 4; lastKnownFileType = sourcecode.c.objc; path = SDWebImageCompat.m; sourceTree = "<group>"; };
		9C0BB2101DF0962100C3A06D /* SDWebImageDecoder.h */ = {isa = PBXFileReference; fileEncoding = 4; lastKnownFileType = sourcecode.c.h; path = SDWebImageDecoder.h; sourceTree = "<group>"; };
		9C0BB2111DF0962100C3A06D /* SDWebImageDecoder.m */ = {isa = PBXFileReference; fileEncoding = 4; lastKnownFileType = sourcecode.c.objc; path = SDWebImageDecoder.m; sourceTree = "<group>"; };
		9C0BB2121DF0962100C3A06D /* SDWebImageDownloader.h */ = {isa = PBXFileReference; fileEncoding = 4; lastKnownFileType = sourcecode.c.h; path = SDWebImageDownloader.h; sourceTree = "<group>"; };
		9C0BB2131DF0962100C3A06D /* SDWebImageDownloader.m */ = {isa = PBXFileReference; fileEncoding = 4; lastKnownFileType = sourcecode.c.objc; path = SDWebImageDownloader.m; sourceTree = "<group>"; };
		9C0BB2141DF0962100C3A06D /* SDWebImageDownloaderOperation.h */ = {isa = PBXFileReference; fileEncoding = 4; lastKnownFileType = sourcecode.c.h; path = SDWebImageDownloaderOperation.h; sourceTree = "<group>"; };
		9C0BB2151DF0962100C3A06D /* SDWebImageDownloaderOperation.m */ = {isa = PBXFileReference; fileEncoding = 4; lastKnownFileType = sourcecode.c.objc; path = SDWebImageDownloaderOperation.m; sourceTree = "<group>"; };
		9C0BB2161DF0962100C3A06D /* SDWebImageManager.h */ = {isa = PBXFileReference; fileEncoding = 4; lastKnownFileType = sourcecode.c.h; path = SDWebImageManager.h; sourceTree = "<group>"; };
		9C0BB2171DF0962100C3A06D /* SDWebImageManager.m */ = {isa = PBXFileReference; fileEncoding = 4; lastKnownFileType = sourcecode.c.objc; path = SDWebImageManager.m; sourceTree = "<group>"; };
		9C0BB2181DF0962100C3A06D /* SDWebImageOperation.h */ = {isa = PBXFileReference; fileEncoding = 4; lastKnownFileType = sourcecode.c.h; path = SDWebImageOperation.h; sourceTree = "<group>"; };
		9C0BB2191DF0962100C3A06D /* SDWebImagePrefetcher.h */ = {isa = PBXFileReference; fileEncoding = 4; lastKnownFileType = sourcecode.c.h; path = SDWebImagePrefetcher.h; sourceTree = "<group>"; };
		9C0BB21A1DF0962100C3A06D /* SDWebImagePrefetcher.m */ = {isa = PBXFileReference; fileEncoding = 4; lastKnownFileType = sourcecode.c.objc; path = SDWebImagePrefetcher.m; sourceTree = "<group>"; };
		9C0BB21B1DF0962100C3A06D /* UIButton+WebCache.h */ = {isa = PBXFileReference; fileEncoding = 4; lastKnownFileType = sourcecode.c.h; path = "UIButton+WebCache.h"; sourceTree = "<group>"; };
		9C0BB21C1DF0962100C3A06D /* UIButton+WebCache.m */ = {isa = PBXFileReference; fileEncoding = 4; lastKnownFileType = sourcecode.c.objc; path = "UIButton+WebCache.m"; sourceTree = "<group>"; };
		9C0BB21D1DF0962100C3A06D /* UIImage+GIF.h */ = {isa = PBXFileReference; fileEncoding = 4; lastKnownFileType = sourcecode.c.h; path = "UIImage+GIF.h"; sourceTree = "<group>"; };
		9C0BB21E1DF0962100C3A06D /* UIImage+GIF.m */ = {isa = PBXFileReference; fileEncoding = 4; lastKnownFileType = sourcecode.c.objc; path = "UIImage+GIF.m"; sourceTree = "<group>"; };
		9C0BB21F1DF0962100C3A06D /* UIImage+MultiFormat.h */ = {isa = PBXFileReference; fileEncoding = 4; lastKnownFileType = sourcecode.c.h; path = "UIImage+MultiFormat.h"; sourceTree = "<group>"; };
		9C0BB2201DF0962100C3A06D /* UIImage+MultiFormat.m */ = {isa = PBXFileReference; fileEncoding = 4; lastKnownFileType = sourcecode.c.objc; path = "UIImage+MultiFormat.m"; sourceTree = "<group>"; };
		9C0BB2211DF0962100C3A06D /* UIImage+WebP.h */ = {isa = PBXFileReference; fileEncoding = 4; lastKnownFileType = sourcecode.c.h; path = "UIImage+WebP.h"; sourceTree = "<group>"; };
		9C0BB2221DF0962100C3A06D /* UIImage+WebP.m */ = {isa = PBXFileReference; fileEncoding = 4; lastKnownFileType = sourcecode.c.objc; path = "UIImage+WebP.m"; sourceTree = "<group>"; };
		9C0BB2231DF0962100C3A06D /* UIImageView+HighlightedWebCache.h */ = {isa = PBXFileReference; fileEncoding = 4; lastKnownFileType = sourcecode.c.h; path = "UIImageView+HighlightedWebCache.h"; sourceTree = "<group>"; };
		9C0BB2241DF0962100C3A06D /* UIImageView+HighlightedWebCache.m */ = {isa = PBXFileReference; fileEncoding = 4; lastKnownFileType = sourcecode.c.objc; path = "UIImageView+HighlightedWebCache.m"; sourceTree = "<group>"; };
		9C0BB2251DF0962100C3A06D /* UIImageView+WebCache.h */ = {isa = PBXFileReference; fileEncoding = 4; lastKnownFileType = sourcecode.c.h; path = "UIImageView+WebCache.h"; sourceTree = "<group>"; };
		9C0BB2261DF0962100C3A06D /* UIImageView+WebCache.m */ = {isa = PBXFileReference; fileEncoding = 4; lastKnownFileType = sourcecode.c.objc; path = "UIImageView+WebCache.m"; sourceTree = "<group>"; };
		9C0BB2271DF0962100C3A06D /* UIView+WebCache.h */ = {isa = PBXFileReference; fileEncoding = 4; lastKnownFileType = sourcecode.c.h; path = "UIView+WebCache.h"; sourceTree = "<group>"; };
		9C0BB2281DF0962100C3A06D /* UIView+WebCache.m */ = {isa = PBXFileReference; fileEncoding = 4; lastKnownFileType = sourcecode.c.objc; path = "UIView+WebCache.m"; sourceTree = "<group>"; };
		9C0BB2291DF0962100C3A06D /* UIView+WebCacheOperation.h */ = {isa = PBXFileReference; fileEncoding = 4; lastKnownFileType = sourcecode.c.h; path = "UIView+WebCacheOperation.h"; sourceTree = "<group>"; };
		9C0BB22A1DF0962100C3A06D /* UIView+WebCacheOperation.m */ = {isa = PBXFileReference; fileEncoding = 4; lastKnownFileType = sourcecode.c.objc; path = "UIView+WebCacheOperation.m"; sourceTree = "<group>"; };
		9C0BB23F1DF0B35300C3A06D /* HotelListTableViewCell.h */ = {isa = PBXFileReference; fileEncoding = 4; lastKnownFileType = sourcecode.c.h; path = HotelListTableViewCell.h; sourceTree = "<group>"; };
		9C0BB2401DF0B35300C3A06D /* HotelListTableViewCell.m */ = {isa = PBXFileReference; fileEncoding = 4; lastKnownFileType = sourcecode.c.objc; path = HotelListTableViewCell.m; sourceTree = "<group>"; };
		9C0BB2421DF0C33800C3A06D /* Media.xcassets */ = {isa = PBXFileReference; lastKnownFileType = folder.assetcatalog; path = Media.xcassets; sourceTree = "<group>"; };
		9C235CC91EA908C800D8A167 /* UIViewController+Navigation.h */ = {isa = PBXFileReference; fileEncoding = 4; lastKnownFileType = sourcecode.c.h; path = "UIViewController+Navigation.h"; sourceTree = "<group>"; };
		9C235CCA1EA908C800D8A167 /* UIViewController+Navigation.m */ = {isa = PBXFileReference; fileEncoding = 4; lastKnownFileType = sourcecode.c.objc; path = "UIViewController+Navigation.m"; sourceTree = "<group>"; };
		9C235CCC1EA908F800D8A167 /* UIColor+Extensions.h */ = {isa = PBXFileReference; fileEncoding = 4; lastKnownFileType = sourcecode.c.h; path = "UIColor+Extensions.h"; sourceTree = "<group>"; };
		9C235CCD1EA908F800D8A167 /* UIColor+Extensions.m */ = {isa = PBXFileReference; fileEncoding = 4; lastKnownFileType = sourcecode.c.objc; path = "UIColor+Extensions.m"; sourceTree = "<group>"; };
		9C2DC4F31DD23F0500933515 /* PPNSdk.framework */ = {isa = PBXFileReference; explicitFileType = wrapper.framework; includeInIndex = 0; path = PPNSdk.framework; sourceTree = BUILT_PRODUCTS_DIR; };
		9C2DC4F61DD23F0500933515 /* PPNSdk.h */ = {isa = PBXFileReference; lastKnownFileType = sourcecode.c.h; path = PPNSdk.h; sourceTree = "<group>"; };
		9C2DC4F71DD23F0500933515 /* Info.plist */ = {isa = PBXFileReference; lastKnownFileType = text.plist.xml; path = Info.plist; sourceTree = "<group>"; };
		9C2DC5021DD23F1400933515 /* ExampleApp.app */ = {isa = PBXFileReference; explicitFileType = wrapper.application; includeInIndex = 0; path = ExampleApp.app; sourceTree = BUILT_PRODUCTS_DIR; };
		9C2DC5051DD23F1400933515 /* main.m */ = {isa = PBXFileReference; lastKnownFileType = sourcecode.c.objc; path = main.m; sourceTree = "<group>"; };
		9C2DC5071DD23F1400933515 /* AppDelegate.h */ = {isa = PBXFileReference; lastKnownFileType = sourcecode.c.h; path = AppDelegate.h; sourceTree = "<group>"; };
		9C2DC5081DD23F1400933515 /* AppDelegate.m */ = {isa = PBXFileReference; lastKnownFileType = sourcecode.c.objc; path = AppDelegate.m; sourceTree = "<group>"; };
		9C2DC50A1DD23F1400933515 /* ViewController.h */ = {isa = PBXFileReference; lastKnownFileType = sourcecode.c.h; path = ViewController.h; sourceTree = "<group>"; };
		9C2DC50B1DD23F1400933515 /* ViewController.m */ = {isa = PBXFileReference; lastKnownFileType = sourcecode.c.objc; path = ViewController.m; sourceTree = "<group>"; };
		9C2DC50E1DD23F1400933515 /* Base */ = {isa = PBXFileReference; lastKnownFileType = file.storyboard; name = Base; path = Base.lproj/Main.storyboard; sourceTree = "<group>"; };
		9C2DC5101DD23F1400933515 /* Assets.xcassets */ = {isa = PBXFileReference; lastKnownFileType = folder.assetcatalog; path = Assets.xcassets; sourceTree = "<group>"; };
		9C2DC5131DD23F1400933515 /* Base */ = {isa = PBXFileReference; lastKnownFileType = file.storyboard; name = Base; path = Base.lproj/LaunchScreen.storyboard; sourceTree = "<group>"; };
		9C2DC5151DD23F1400933515 /* Info.plist */ = {isa = PBXFileReference; lastKnownFileType = text.plist.xml; path = Info.plist; sourceTree = "<group>"; };
		9C2DC51D1DD23FDC00933515 /* AirAutoCompleteParser.h */ = {isa = PBXFileReference; fileEncoding = 4; lastKnownFileType = sourcecode.c.h; path = AirAutoCompleteParser.h; sourceTree = "<group>"; };
		9C2DC51E1DD23FDC00933515 /* AirAutoCompleteParser.m */ = {isa = PBXFileReference; fileEncoding = 4; lastKnownFileType = sourcecode.c.objc; path = AirAutoCompleteParser.m; sourceTree = "<group>"; };
		9C2DC51F1DD23FDC00933515 /* AirAutoCompleteResults.h */ = {isa = PBXFileReference; fileEncoding = 4; lastKnownFileType = sourcecode.c.h; path = AirAutoCompleteResults.h; sourceTree = "<group>"; };
		9C2DC5201DD23FDC00933515 /* AirAutoCompleteResults.m */ = {isa = PBXFileReference; fileEncoding = 4; lastKnownFileType = sourcecode.c.objc; path = AirAutoCompleteResults.m; sourceTree = "<group>"; };
		9C2DC5251DD23FEB00933515 /* PPNClient.h */ = {isa = PBXFileReference; fileEncoding = 4; lastKnownFileType = sourcecode.c.h; path = PPNClient.h; sourceTree = "<group>"; };
		9C2DC5261DD23FEB00933515 /* PPNClient.m */ = {isa = PBXFileReference; fileEncoding = 4; lastKnownFileType = sourcecode.c.objc; path = PPNClient.m; sourceTree = "<group>"; };
		9C2DC5271DD23FEB00933515 /* PPNWebService.h */ = {isa = PBXFileReference; fileEncoding = 4; lastKnownFileType = sourcecode.c.h; path = PPNWebService.h; sourceTree = "<group>"; };
		9C2DC5281DD23FEB00933515 /* PPNWebService.m */ = {isa = PBXFileReference; fileEncoding = 4; lastKnownFileType = sourcecode.c.objc; path = PPNWebService.m; sourceTree = "<group>"; };
		9C2DC52E1DD2403300933515 /* SSOrderedDictionary.h */ = {isa = PBXFileReference; fileEncoding = 4; lastKnownFileType = sourcecode.c.h; path = SSOrderedDictionary.h; sourceTree = "<group>"; };
		9C2DC52F1DD2403300933515 /* SSOrderedDictionary.m */ = {isa = PBXFileReference; fileEncoding = 4; lastKnownFileType = sourcecode.c.objc; path = SSOrderedDictionary.m; sourceTree = "<group>"; };
		9C2DC5371DD242FB00933515 /* PPNServices.h */ = {isa = PBXFileReference; fileEncoding = 4; lastKnownFileType = sourcecode.c.h; path = PPNServices.h; sourceTree = "<group>"; };
		9C2DC5381DD242FB00933515 /* PPNServices.m */ = {isa = PBXFileReference; fileEncoding = 4; lastKnownFileType = sourcecode.c.objc; path = PPNServices.m; sourceTree = "<group>"; };
		9C2DC53B1DD2439600933515 /* PPNInternalManager.h */ = {isa = PBXFileReference; fileEncoding = 4; lastKnownFileType = sourcecode.c.h; path = PPNInternalManager.h; sourceTree = "<group>"; };
		9C2DC53C1DD2439600933515 /* PPNInternalManager.m */ = {isa = PBXFileReference; fileEncoding = 4; lastKnownFileType = sourcecode.c.objc; path = PPNInternalManager.m; sourceTree = "<group>"; };
		9C2DC5421DD2727200933515 /* AirAutoCompleteAirportModel.h */ = {isa = PBXFileReference; fileEncoding = 4; lastKnownFileType = sourcecode.c.h; path = AirAutoCompleteAirportModel.h; sourceTree = "<group>"; };
		9C2DC5431DD2727200933515 /* AirAutoCompleteAirportModel.m */ = {isa = PBXFileReference; fileEncoding = 4; lastKnownFileType = sourcecode.c.objc; path = AirAutoCompleteAirportModel.m; sourceTree = "<group>"; };
		9C2DC5461DD274C400933515 /* AirAutoCompleteCityModel.h */ = {isa = PBXFileReference; fileEncoding = 4; lastKnownFileType = sourcecode.c.h; path = AirAutoCompleteCityModel.h; sourceTree = "<group>"; };
		9C2DC5471DD274C400933515 /* AirAutoCompleteCityModel.m */ = {isa = PBXFileReference; fileEncoding = 4; lastKnownFileType = sourcecode.c.objc; path = AirAutoCompleteCityModel.m; sourceTree = "<group>"; };
		9C2DC54B1DD279A500933515 /* FlightDepartureResults.h */ = {isa = PBXFileReference; fileEncoding = 4; lastKnownFileType = sourcecode.c.h; path = FlightDepartureResults.h; sourceTree = "<group>"; };
		9C2DC54C1DD279A500933515 /* FlightDepartureResults.m */ = {isa = PBXFileReference; fileEncoding = 4; lastKnownFileType = sourcecode.c.objc; path = FlightDepartureResults.m; sourceTree = "<group>"; };
		9C2DC54F1DD2802E00933515 /* FlightDepartureParser.h */ = {isa = PBXFileReference; fileEncoding = 4; lastKnownFileType = sourcecode.c.h; path = FlightDepartureParser.h; sourceTree = "<group>"; };
		9C2DC5501DD2802E00933515 /* FlightDepartureParser.m */ = {isa = PBXFileReference; fileEncoding = 4; lastKnownFileType = sourcecode.c.objc; path = FlightDepartureParser.m; sourceTree = "<group>"; };
		9C2DC5531DD2874600933515 /* FlightDepartureItineraryModel.h */ = {isa = PBXFileReference; fileEncoding = 4; lastKnownFileType = sourcecode.c.h; path = FlightDepartureItineraryModel.h; sourceTree = "<group>"; };
		9C2DC5541DD2874600933515 /* FlightDepartureItineraryModel.m */ = {isa = PBXFileReference; fileEncoding = 4; lastKnownFileType = sourcecode.c.objc; path = FlightDepartureItineraryModel.m; sourceTree = "<group>"; };
		9C2DC5571DD3B61E00933515 /* ListViewController.h */ = {isa = PBXFileReference; fileEncoding = 4; lastKnownFileType = sourcecode.c.h; path = ListViewController.h; sourceTree = "<group>"; };
		9C2DC5581DD3B61E00933515 /* ListViewController.m */ = {isa = PBXFileReference; fileEncoding = 4; lastKnownFileType = sourcecode.c.objc; path = ListViewController.m; sourceTree = "<group>"; };
		9C2DC55C1DD4E37200933515 /* HotelAutoCompleteResults.h */ = {isa = PBXFileReference; fileEncoding = 4; lastKnownFileType = sourcecode.c.h; path = HotelAutoCompleteResults.h; sourceTree = "<group>"; };
		9C2DC55D1DD4E37200933515 /* HotelAutoCompleteResults.m */ = {isa = PBXFileReference; fileEncoding = 4; lastKnownFileType = sourcecode.c.objc; path = HotelAutoCompleteResults.m; sourceTree = "<group>"; };
		9C2DC5601DD4E72C00933515 /* HotelAutoCompleteParser.h */ = {isa = PBXFileReference; fileEncoding = 4; lastKnownFileType = sourcecode.c.h; path = HotelAutoCompleteParser.h; sourceTree = "<group>"; };
		9C2DC5611DD4E72C00933515 /* HotelAutoCompleteParser.m */ = {isa = PBXFileReference; fileEncoding = 4; lastKnownFileType = sourcecode.c.objc; path = HotelAutoCompleteParser.m; sourceTree = "<group>"; };
		9C2DC5641DD5203100933515 /* HotelAutoCompleteAirportModel.h */ = {isa = PBXFileReference; fileEncoding = 4; lastKnownFileType = sourcecode.c.h; path = HotelAutoCompleteAirportModel.h; sourceTree = "<group>"; };
		9C2DC5651DD5203100933515 /* HotelAutoCompleteAirportModel.m */ = {isa = PBXFileReference; fileEncoding = 4; lastKnownFileType = sourcecode.c.objc; path = HotelAutoCompleteAirportModel.m; sourceTree = "<group>"; };
		9C2DC5681DD5234D00933515 /* HotelAutoCompleteCityModel.h */ = {isa = PBXFileReference; fileEncoding = 4; lastKnownFileType = sourcecode.c.h; path = HotelAutoCompleteCityModel.h; sourceTree = "<group>"; };
		9C2DC5691DD5234D00933515 /* HotelAutoCompleteCityModel.m */ = {isa = PBXFileReference; fileEncoding = 4; lastKnownFileType = sourcecode.c.objc; path = HotelAutoCompleteCityModel.m; sourceTree = "<group>"; };
		9C2DC56D1DD52C9000933515 /* HotelSearchResults.h */ = {isa = PBXFileReference; fileEncoding = 4; lastKnownFileType = sourcecode.c.h; path = HotelSearchResults.h; sourceTree = "<group>"; };
		9C2DC56E1DD52C9000933515 /* HotelSearchResults.m */ = {isa = PBXFileReference; fileEncoding = 4; lastKnownFileType = sourcecode.c.objc; path = HotelSearchResults.m; sourceTree = "<group>"; };
		9C2DC5711DD52F6F00933515 /* HotelSearchParser.h */ = {isa = PBXFileReference; fileEncoding = 4; lastKnownFileType = sourcecode.c.h; path = HotelSearchParser.h; sourceTree = "<group>"; };
		9C2DC5721DD52F6F00933515 /* HotelSearchParser.m */ = {isa = PBXFileReference; fileEncoding = 4; lastKnownFileType = sourcecode.c.objc; path = HotelSearchParser.m; sourceTree = "<group>"; };
		9C2DC5751DD531D700933515 /* HotelSearchHotelModel.h */ = {isa = PBXFileReference; fileEncoding = 4; lastKnownFileType = sourcecode.c.h; path = HotelSearchHotelModel.h; sourceTree = "<group>"; };
		9C2DC5761DD531D700933515 /* HotelSearchHotelModel.m */ = {isa = PBXFileReference; fileEncoding = 4; lastKnownFileType = sourcecode.c.objc; path = HotelSearchHotelModel.m; sourceTree = "<group>"; };
		9C2DC57A1DD65CDD00933515 /* HotelDetailResults.h */ = {isa = PBXFileReference; fileEncoding = 4; lastKnownFileType = sourcecode.c.h; path = HotelDetailResults.h; sourceTree = "<group>"; };
		9C2DC57B1DD65CDD00933515 /* HotelDetailResults.m */ = {isa = PBXFileReference; fileEncoding = 4; lastKnownFileType = sourcecode.c.objc; path = HotelDetailResults.m; sourceTree = "<group>"; };
		9C2DC57E1DD65F6400933515 /* HotelDetailViewController.h */ = {isa = PBXFileReference; fileEncoding = 4; lastKnownFileType = sourcecode.c.h; path = HotelDetailViewController.h; sourceTree = "<group>"; };
		9C2DC57F1DD65F6400933515 /* HotelDetailViewController.m */ = {isa = PBXFileReference; fileEncoding = 4; lastKnownFileType = sourcecode.c.objc; path = HotelDetailViewController.m; sourceTree = "<group>"; };
		9C2DC5811DD668B000933515 /* HotelDetailParser.h */ = {isa = PBXFileReference; fileEncoding = 4; lastKnownFileType = sourcecode.c.h; path = HotelDetailParser.h; sourceTree = "<group>"; };
		9C2DC5821DD668B000933515 /* HotelDetailParser.m */ = {isa = PBXFileReference; fileEncoding = 4; lastKnownFileType = sourcecode.c.objc; path = HotelDetailParser.m; sourceTree = "<group>"; };
		9C2DC5851DD66B7700933515 /* HotelDetailModel.h */ = {isa = PBXFileReference; fileEncoding = 4; lastKnownFileType = sourcecode.c.h; path = HotelDetailModel.h; sourceTree = "<group>"; };
		9C2DC5861DD66B7700933515 /* HotelDetailModel.m */ = {isa = PBXFileReference; fileEncoding = 4; lastKnownFileType = sourcecode.c.objc; path = HotelDetailModel.m; sourceTree = "<group>"; };
		9C2DC58A1DDA402800933515 /* HotelRatesResults.h */ = {isa = PBXFileReference; fileEncoding = 4; lastKnownFileType = sourcecode.c.h; path = HotelRatesResults.h; sourceTree = "<group>"; };
		9C2DC58B1DDA402800933515 /* HotelRatesResults.m */ = {isa = PBXFileReference; fileEncoding = 4; lastKnownFileType = sourcecode.c.objc; path = HotelRatesResults.m; sourceTree = "<group>"; };
		9C2DC58E1DDB6FF900933515 /* HotelRatesViewController.h */ = {isa = PBXFileReference; fileEncoding = 4; lastKnownFileType = sourcecode.c.h; path = HotelRatesViewController.h; sourceTree = "<group>"; };
		9C2DC58F1DDB6FF900933515 /* HotelRatesViewController.m */ = {isa = PBXFileReference; fileEncoding = 4; lastKnownFileType = sourcecode.c.objc; path = HotelRatesViewController.m; sourceTree = "<group>"; };
		9C2DC5911DDB759100933515 /* HotelRatesParser.h */ = {isa = PBXFileReference; fileEncoding = 4; lastKnownFileType = sourcecode.c.h; path = HotelRatesParser.h; sourceTree = "<group>"; };
		9C2DC5921DDB759100933515 /* HotelRatesParser.m */ = {isa = PBXFileReference; fileEncoding = 4; lastKnownFileType = sourcecode.c.objc; path = HotelRatesParser.m; sourceTree = "<group>"; };
		9C2DC5951DDB79FA00933515 /* HotelRatesModel.h */ = {isa = PBXFileReference; fileEncoding = 4; lastKnownFileType = sourcecode.c.h; path = HotelRatesModel.h; sourceTree = "<group>"; };
		9C2DC5961DDB79FA00933515 /* HotelRatesModel.m */ = {isa = PBXFileReference; fileEncoding = 4; lastKnownFileType = sourcecode.c.objc; path = HotelRatesModel.m; sourceTree = "<group>"; };
		9C2DC5991DDB7BDE00933515 /* HotelRatesTableViewCell.h */ = {isa = PBXFileReference; fileEncoding = 4; lastKnownFileType = sourcecode.c.h; path = HotelRatesTableViewCell.h; sourceTree = "<group>"; };
		9C2DC59A1DDB7BDE00933515 /* HotelRatesTableViewCell.m */ = {isa = PBXFileReference; fileEncoding = 4; lastKnownFileType = sourcecode.c.objc; path = HotelRatesTableViewCell.m; sourceTree = "<group>"; };
		9C2DC59E1DDB998A00933515 /* HotelContractResults.h */ = {isa = PBXFileReference; fileEncoding = 4; lastKnownFileType = sourcecode.c.h; path = HotelContractResults.h; sourceTree = "<group>"; };
		9C2DC59F1DDB998A00933515 /* HotelContractResults.m */ = {isa = PBXFileReference; fileEncoding = 4; lastKnownFileType = sourcecode.c.objc; path = HotelContractResults.m; sourceTree = "<group>"; };
		9C2DC5A21DDB9A9200933515 /* HotelContractViewController.h */ = {isa = PBXFileReference; fileEncoding = 4; lastKnownFileType = sourcecode.c.h; path = HotelContractViewController.h; sourceTree = "<group>"; };
		9C2DC5A31DDB9A9200933515 /* HotelContractViewController.m */ = {isa = PBXFileReference; fileEncoding = 4; lastKnownFileType = sourcecode.c.objc; path = HotelContractViewController.m; sourceTree = "<group>"; };
		9C2DC5A51DDB9BCC00933515 /* HotelContractParser.h */ = {isa = PBXFileReference; fileEncoding = 4; lastKnownFileType = sourcecode.c.h; path = HotelContractParser.h; sourceTree = "<group>"; };
		9C2DC5A61DDB9BCC00933515 /* HotelContractParser.m */ = {isa = PBXFileReference; fileEncoding = 4; lastKnownFileType = sourcecode.c.objc; path = HotelContractParser.m; sourceTree = "<group>"; };
		9C2DC5A91DDBA10000933515 /* HotelContractModel.h */ = {isa = PBXFileReference; fileEncoding = 4; lastKnownFileType = sourcecode.c.h; path = HotelContractModel.h; sourceTree = "<group>"; };
		9C2DC5AA1DDBA10000933515 /* HotelContractModel.m */ = {isa = PBXFileReference; fileEncoding = 4; lastKnownFileType = sourcecode.c.objc; path = HotelContractModel.m; sourceTree = "<group>"; };
		9C2DC5AE1DDBAC4400933515 /* DAYCalendarView.h */ = {isa = PBXFileReference; fileEncoding = 4; lastKnownFileType = sourcecode.c.h; path = DAYCalendarView.h; sourceTree = "<group>"; };
		9C2DC5AF1DDBAC4400933515 /* DAYCalendarView.m */ = {isa = PBXFileReference; fileEncoding = 4; lastKnownFileType = sourcecode.c.objc; path = DAYCalendarView.m; sourceTree = "<group>"; };
		9C2DC5B01DDBAC4400933515 /* DAYComponentView.h */ = {isa = PBXFileReference; fileEncoding = 4; lastKnownFileType = sourcecode.c.h; path = DAYComponentView.h; sourceTree = "<group>"; };
		9C2DC5B11DDBAC4400933515 /* DAYComponentView.m */ = {isa = PBXFileReference; fileEncoding = 4; lastKnownFileType = sourcecode.c.objc; path = DAYComponentView.m; sourceTree = "<group>"; };
		9C2DC5B21DDBAC4400933515 /* DAYIndicatorView.h */ = {isa = PBXFileReference; fileEncoding = 4; lastKnownFileType = sourcecode.c.h; path = DAYIndicatorView.h; sourceTree = "<group>"; };
		9C2DC5B31DDBAC4400933515 /* DAYIndicatorView.m */ = {isa = PBXFileReference; fileEncoding = 4; lastKnownFileType = sourcecode.c.objc; path = DAYIndicatorView.m; sourceTree = "<group>"; };
		9C2DC5B41DDBAC4400933515 /* DAYNavigationBar.h */ = {isa = PBXFileReference; fileEncoding = 4; lastKnownFileType = sourcecode.c.h; path = DAYNavigationBar.h; sourceTree = "<group>"; };
		9C2DC5B51DDBAC4400933515 /* DAYNavigationBar.m */ = {isa = PBXFileReference; fileEncoding = 4; lastKnownFileType = sourcecode.c.objc; path = DAYNavigationBar.m; sourceTree = "<group>"; };
		9C2DC5B61DDBAC4400933515 /* DAYUtils.h */ = {isa = PBXFileReference; fileEncoding = 4; lastKnownFileType = sourcecode.c.h; path = DAYUtils.h; sourceTree = "<group>"; };
		9C2DC5B71DDBAC4400933515 /* DAYUtils.m */ = {isa = PBXFileReference; fileEncoding = 4; lastKnownFileType = sourcecode.c.objc; path = DAYUtils.m; sourceTree = "<group>"; };
		9C38E1E51ECE38420029E2F3 /* PopupCalendar.framework */ = {isa = PBXFileReference; lastKnownFileType = wrapper.framework; path = PopupCalendar.framework; sourceTree = "<group>"; };
		9C38E1E91ECE3E7A0029E2F3 /* GuestsPopupViewController.h */ = {isa = PBXFileReference; fileEncoding = 4; lastKnownFileType = sourcecode.c.h; path = GuestsPopupViewController.h; sourceTree = "<group>"; };
		9C38E1EA1ECE3E7A0029E2F3 /* GuestsPopupViewController.m */ = {isa = PBXFileReference; fileEncoding = 4; lastKnownFileType = sourcecode.c.objc; path = GuestsPopupViewController.m; sourceTree = "<group>"; };
		9C627C451ECC9CE000ED089D /* HomeViewController.h */ = {isa = PBXFileReference; fileEncoding = 4; lastKnownFileType = sourcecode.c.h; path = HomeViewController.h; sourceTree = "<group>"; };
		9C627C461ECC9CE000ED089D /* HomeViewController.m */ = {isa = PBXFileReference; fileEncoding = 4; lastKnownFileType = sourcecode.c.objc; path = HomeViewController.m; sourceTree = "<group>"; };
		9C627C481ECCA52B00ED089D /* HomeSuggestionCell.h */ = {isa = PBXFileReference; fileEncoding = 4; lastKnownFileType = sourcecode.c.h; path = HomeSuggestionCell.h; sourceTree = "<group>"; };
		9C627C491ECCA52B00ED089D /* HomeSuggestionCell.m */ = {isa = PBXFileReference; fileEncoding = 4; lastKnownFileType = sourcecode.c.objc; path = HomeSuggestionCell.m; sourceTree = "<group>"; };
		9C627C4C1ECCC3CD00ED089D /* SearchDestinationViewController.h */ = {isa = PBXFileReference; fileEncoding = 4; lastKnownFileType = sourcecode.c.h; path = SearchDestinationViewController.h; sourceTree = "<group>"; };
		9C627C4D1ECCC3CD00ED089D /* SearchDestinationViewController.m */ = {isa = PBXFileReference; fileEncoding = 4; lastKnownFileType = sourcecode.c.objc; path = SearchDestinationViewController.m; sourceTree = "<group>"; };
		9C627C501ECCE99E00ED089D /* CreateItineraryViewController.h */ = {isa = PBXFileReference; fileEncoding = 4; lastKnownFileType = sourcecode.c.h; path = CreateItineraryViewController.h; sourceTree = "<group>"; };
		9C627C511ECCE99E00ED089D /* CreateItineraryViewController.m */ = {isa = PBXFileReference; fileEncoding = 4; lastKnownFileType = sourcecode.c.objc; path = CreateItineraryViewController.m; sourceTree = "<group>"; };
/* End PBXFileReference section */

/* Begin PBXFrameworksBuildPhase section */
		9C2DC4EF1DD23F0500933515 /* Frameworks */ = {
			isa = PBXFrameworksBuildPhase;
			buildActionMask = 2147483647;
			files = (
			);
			runOnlyForDeploymentPostprocessing = 0;
		};
		9C2DC4FF1DD23F1400933515 /* Frameworks */ = {
			isa = PBXFrameworksBuildPhase;
			buildActionMask = 2147483647;
			files = (
				9C2DC5321DD2409100933515 /* PPNSdk.framework in Frameworks */,
				9C38E1E61ECE38420029E2F3 /* PopupCalendar.framework in Frameworks */,
			);
			runOnlyForDeploymentPostprocessing = 0;
		};
/* End PBXFrameworksBuildPhase section */

/* Begin PBXGroup section */
		9C0BB2001DF0962100C3A06D /* SDWebImage */ = {
			isa = PBXGroup;
			children = (
				9C0BB2041DF0962100C3A06D /* MKAnnotationView+WebCache.h */,
				9C0BB2051DF0962100C3A06D /* MKAnnotationView+WebCache.m */,
				9C0BB2061DF0962100C3A06D /* NSData+ImageContentType.h */,
				9C0BB2071DF0962100C3A06D /* NSData+ImageContentType.m */,
				9C0BB2081DF0962100C3A06D /* NSImage+WebCache.h */,
				9C0BB2091DF0962100C3A06D /* NSImage+WebCache.m */,
				9C0BB20A1DF0962100C3A06D /* SDImageCache.h */,
				9C0BB20B1DF0962100C3A06D /* SDImageCache.m */,
				9C0BB20C1DF0962100C3A06D /* SDImageCacheConfig.h */,
				9C0BB20D1DF0962100C3A06D /* SDImageCacheConfig.m */,
				9C0BB20E1DF0962100C3A06D /* SDWebImageCompat.h */,
				9C0BB20F1DF0962100C3A06D /* SDWebImageCompat.m */,
				9C0BB2101DF0962100C3A06D /* SDWebImageDecoder.h */,
				9C0BB2111DF0962100C3A06D /* SDWebImageDecoder.m */,
				9C0BB2121DF0962100C3A06D /* SDWebImageDownloader.h */,
				9C0BB2131DF0962100C3A06D /* SDWebImageDownloader.m */,
				9C0BB2141DF0962100C3A06D /* SDWebImageDownloaderOperation.h */,
				9C0BB2151DF0962100C3A06D /* SDWebImageDownloaderOperation.m */,
				9C0BB2161DF0962100C3A06D /* SDWebImageManager.h */,
				9C0BB2171DF0962100C3A06D /* SDWebImageManager.m */,
				9C0BB2181DF0962100C3A06D /* SDWebImageOperation.h */,
				9C0BB2191DF0962100C3A06D /* SDWebImagePrefetcher.h */,
				9C0BB21A1DF0962100C3A06D /* SDWebImagePrefetcher.m */,
				9C0BB21B1DF0962100C3A06D /* UIButton+WebCache.h */,
				9C0BB21C1DF0962100C3A06D /* UIButton+WebCache.m */,
				9C0BB21D1DF0962100C3A06D /* UIImage+GIF.h */,
				9C0BB21E1DF0962100C3A06D /* UIImage+GIF.m */,
				9C0BB21F1DF0962100C3A06D /* UIImage+MultiFormat.h */,
				9C0BB2201DF0962100C3A06D /* UIImage+MultiFormat.m */,
				9C0BB2211DF0962100C3A06D /* UIImage+WebP.h */,
				9C0BB2221DF0962100C3A06D /* UIImage+WebP.m */,
				9C0BB2231DF0962100C3A06D /* UIImageView+HighlightedWebCache.h */,
				9C0BB2241DF0962100C3A06D /* UIImageView+HighlightedWebCache.m */,
				9C0BB2251DF0962100C3A06D /* UIImageView+WebCache.h */,
				9C0BB2261DF0962100C3A06D /* UIImageView+WebCache.m */,
				9C0BB2271DF0962100C3A06D /* UIView+WebCache.h */,
				9C0BB2281DF0962100C3A06D /* UIView+WebCache.m */,
				9C0BB2291DF0962100C3A06D /* UIView+WebCacheOperation.h */,
				9C0BB22A1DF0962100C3A06D /* UIView+WebCacheOperation.m */,
			);
			path = SDWebImage;
			sourceTree = "<group>";
		};
		9C2DC4E91DD23F0500933515 = {
			isa = PBXGroup;
			children = (
				9C2DC4F51DD23F0500933515 /* PPNSdk */,
				9C2DC5031DD23F1400933515 /* ExampleApp */,
				9C2DC4F41DD23F0500933515 /* Products */,
			);
			sourceTree = "<group>";
		};
		9C2DC4F41DD23F0500933515 /* Products */ = {
			isa = PBXGroup;
			children = (
				9C2DC4F31DD23F0500933515 /* PPNSdk.framework */,
				9C2DC5021DD23F1400933515 /* ExampleApp.app */,
			);
			name = Products;
			sourceTree = "<group>";
		};
		9C2DC4F51DD23F0500933515 /* PPNSdk */ = {
			isa = PBXGroup;
			children = (
				9C2DC51B1DD23FA200933515 /* Data */,
				9C2DC52D1DD2401700933515 /* Utilities */,
				9C2DC55A1DD4E32300933515 /* Hotel */,
				9C2DC5191DD23F7800933515 /* Air */,
				9C2DC4F61DD23F0500933515 /* PPNSdk.h */,
				9C2DC5371DD242FB00933515 /* PPNServices.h */,
				9C2DC5381DD242FB00933515 /* PPNServices.m */,
				9C2DC4F71DD23F0500933515 /* Info.plist */,
			);
			path = PPNSdk;
			sourceTree = "<group>";
		};
		9C2DC5031DD23F1400933515 /* ExampleApp */ = {
			isa = PBXGroup;
			children = (
				9C627C4F1ECCC66700ED089D /* Utlilties */,
				9C627C4B1ECCB2F900ED089D /* Hotel */,
				9C0BB2001DF0962100C3A06D /* SDWebImage */,
				9C2DC5AD1DDBAC3500933515 /* Calendar */,
				9C2DC5071DD23F1400933515 /* AppDelegate.h */,
				9C2DC5081DD23F1400933515 /* AppDelegate.m */,
				9C627C451ECC9CE000ED089D /* HomeViewController.h */,
				9C627C461ECC9CE000ED089D /* HomeViewController.m */,
				9C627C481ECCA52B00ED089D /* HomeSuggestionCell.h */,
				9C627C491ECCA52B00ED089D /* HomeSuggestionCell.m */,
				9C627C4C1ECCC3CD00ED089D /* SearchDestinationViewController.h */,
				9C627C4D1ECCC3CD00ED089D /* SearchDestinationViewController.m */,
				9C627C501ECCE99E00ED089D /* CreateItineraryViewController.h */,
				9C627C511ECCE99E00ED089D /* CreateItineraryViewController.m */,
				9C38E1E91ECE3E7A0029E2F3 /* GuestsPopupViewController.h */,
				9C38E1EA1ECE3E7A0029E2F3 /* GuestsPopupViewController.m */,
				9C2DC50A1DD23F1400933515 /* ViewController.h */,
				9C2DC50B1DD23F1400933515 /* ViewController.m */,
				9C2DC5571DD3B61E00933515 /* ListViewController.h */,
				9C2DC5581DD3B61E00933515 /* ListViewController.m */,
				9C2DC50D1DD23F1400933515 /* Main.storyboard */,
				9C0BB2421DF0C33800C3A06D /* Media.xcassets */,
				9C2DC5101DD23F1400933515 /* Assets.xcassets */,
				9C2DC5121DD23F1400933515 /* LaunchScreen.storyboard */,
				9C38E1E51ECE38420029E2F3 /* PopupCalendar.framework */,
				9C2DC5151DD23F1400933515 /* Info.plist */,
				9C2DC5041DD23F1400933515 /* Supporting Files */,
			);
			path = ExampleApp;
			sourceTree = "<group>";
		};
		9C2DC5041DD23F1400933515 /* Supporting Files */ = {
			isa = PBXGroup;
			children = (
				9C2DC5051DD23F1400933515 /* main.m */,
			);
			name = "Supporting Files";
			sourceTree = "<group>";
		};
		9C2DC5191DD23F7800933515 /* Air */ = {
			isa = PBXGroup;
			children = (
				9C2DC54A1DD2796500933515 /* FlightDepartures */,
				9C2DC51A1DD23F7C00933515 /* AutoComplete */,
			);
			path = Air;
			sourceTree = "<group>";
		};
		9C2DC51A1DD23F7C00933515 /* AutoComplete */ = {
			isa = PBXGroup;
			children = (
				9C2DC51D1DD23FDC00933515 /* AirAutoCompleteParser.h */,
				9C2DC51E1DD23FDC00933515 /* AirAutoCompleteParser.m */,
				9C2DC51F1DD23FDC00933515 /* AirAutoCompleteResults.h */,
				9C2DC5201DD23FDC00933515 /* AirAutoCompleteResults.m */,
				9C2DC5421DD2727200933515 /* AirAutoCompleteAirportModel.h */,
				9C2DC5431DD2727200933515 /* AirAutoCompleteAirportModel.m */,
				9C2DC5461DD274C400933515 /* AirAutoCompleteCityModel.h */,
				9C2DC5471DD274C400933515 /* AirAutoCompleteCityModel.m */,
			);
			path = AutoComplete;
			sourceTree = "<group>";
		};
		9C2DC51B1DD23FA200933515 /* Data */ = {
			isa = PBXGroup;
			children = (
				9C2DC51C1DD23FA700933515 /* WebService */,
			);
			path = Data;
			sourceTree = "<group>";
		};
		9C2DC51C1DD23FA700933515 /* WebService */ = {
			isa = PBXGroup;
			children = (
				9C2DC5251DD23FEB00933515 /* PPNClient.h */,
				9C2DC5261DD23FEB00933515 /* PPNClient.m */,
				9C2DC5271DD23FEB00933515 /* PPNWebService.h */,
				9C2DC5281DD23FEB00933515 /* PPNWebService.m */,
			);
			path = WebService;
			sourceTree = "<group>";
		};
		9C2DC52D1DD2401700933515 /* Utilities */ = {
			isa = PBXGroup;
			children = (
				9C2DC52E1DD2403300933515 /* SSOrderedDictionary.h */,
				9C2DC52F1DD2403300933515 /* SSOrderedDictionary.m */,
				9C2DC53B1DD2439600933515 /* PPNInternalManager.h */,
				9C2DC53C1DD2439600933515 /* PPNInternalManager.m */,
			);
			path = Utilities;
			sourceTree = "<group>";
		};
		9C2DC54A1DD2796500933515 /* FlightDepartures */ = {
			isa = PBXGroup;
			children = (
				9C2DC54B1DD279A500933515 /* FlightDepartureResults.h */,
				9C2DC54C1DD279A500933515 /* FlightDepartureResults.m */,
				9C2DC54F1DD2802E00933515 /* FlightDepartureParser.h */,
				9C2DC5501DD2802E00933515 /* FlightDepartureParser.m */,
				9C2DC5531DD2874600933515 /* FlightDepartureItineraryModel.h */,
				9C2DC5541DD2874600933515 /* FlightDepartureItineraryModel.m */,
			);
			path = FlightDepartures;
			sourceTree = "<group>";
		};
		9C2DC55A1DD4E32300933515 /* Hotel */ = {
			isa = PBXGroup;
			children = (
				9C2DC59C1DDB994000933515 /* Contract */,
				9C2DC5891DDA400000933515 /* Rates */,
				9C2DC5791DD65CC300933515 /* Details */,
				9C2DC56C1DD52C7200933515 /* SearchResults */,
				9C2DC55B1DD4E32C00933515 /* AutoComplete */,
			);
			path = Hotel;
			sourceTree = "<group>";
		};
		9C2DC55B1DD4E32C00933515 /* AutoComplete */ = {
			isa = PBXGroup;
			children = (
				9C2DC55C1DD4E37200933515 /* HotelAutoCompleteResults.h */,
				9C2DC55D1DD4E37200933515 /* HotelAutoCompleteResults.m */,
				9C2DC5601DD4E72C00933515 /* HotelAutoCompleteParser.h */,
				9C2DC5611DD4E72C00933515 /* HotelAutoCompleteParser.m */,
				9C2DC5641DD5203100933515 /* HotelAutoCompleteAirportModel.h */,
				9C2DC5651DD5203100933515 /* HotelAutoCompleteAirportModel.m */,
				9C2DC5681DD5234D00933515 /* HotelAutoCompleteCityModel.h */,
				9C2DC5691DD5234D00933515 /* HotelAutoCompleteCityModel.m */,
			);
			path = AutoComplete;
			sourceTree = "<group>";
		};
		9C2DC56C1DD52C7200933515 /* SearchResults */ = {
			isa = PBXGroup;
			children = (
				9C2DC56D1DD52C9000933515 /* HotelSearchResults.h */,
				9C2DC56E1DD52C9000933515 /* HotelSearchResults.m */,
				9C2DC5711DD52F6F00933515 /* HotelSearchParser.h */,
				9C2DC5721DD52F6F00933515 /* HotelSearchParser.m */,
				9C2DC5751DD531D700933515 /* HotelSearchHotelModel.h */,
				9C2DC5761DD531D700933515 /* HotelSearchHotelModel.m */,
			);
			path = SearchResults;
			sourceTree = "<group>";
		};
		9C2DC5791DD65CC300933515 /* Details */ = {
			isa = PBXGroup;
			children = (
				9C2DC57A1DD65CDD00933515 /* HotelDetailResults.h */,
				9C2DC57B1DD65CDD00933515 /* HotelDetailResults.m */,
				9C2DC5811DD668B000933515 /* HotelDetailParser.h */,
				9C2DC5821DD668B000933515 /* HotelDetailParser.m */,
				9C2DC5851DD66B7700933515 /* HotelDetailModel.h */,
				9C2DC5861DD66B7700933515 /* HotelDetailModel.m */,
			);
			path = Details;
			sourceTree = "<group>";
		};
		9C2DC5891DDA400000933515 /* Rates */ = {
			isa = PBXGroup;
			children = (
				9C2DC58A1DDA402800933515 /* HotelRatesResults.h */,
				9C2DC58B1DDA402800933515 /* HotelRatesResults.m */,
				9C2DC5911DDB759100933515 /* HotelRatesParser.h */,
				9C2DC5921DDB759100933515 /* HotelRatesParser.m */,
				9C2DC5951DDB79FA00933515 /* HotelRatesModel.h */,
				9C2DC5961DDB79FA00933515 /* HotelRatesModel.m */,
			);
			path = Rates;
			sourceTree = "<group>";
		};
		9C2DC59C1DDB994000933515 /* Contract */ = {
			isa = PBXGroup;
			children = (
				9C2DC59E1DDB998A00933515 /* HotelContractResults.h */,
				9C2DC59F1DDB998A00933515 /* HotelContractResults.m */,
				9C2DC5A51DDB9BCC00933515 /* HotelContractParser.h */,
				9C2DC5A61DDB9BCC00933515 /* HotelContractParser.m */,
				9C2DC5A91DDBA10000933515 /* HotelContractModel.h */,
				9C2DC5AA1DDBA10000933515 /* HotelContractModel.m */,
			);
			path = Contract;
			sourceTree = "<group>";
		};
		9C2DC5AD1DDBAC3500933515 /* Calendar */ = {
			isa = PBXGroup;
			children = (
				9C2DC5AE1DDBAC4400933515 /* DAYCalendarView.h */,
				9C2DC5AF1DDBAC4400933515 /* DAYCalendarView.m */,
				9C2DC5B01DDBAC4400933515 /* DAYComponentView.h */,
				9C2DC5B11DDBAC4400933515 /* DAYComponentView.m */,
				9C2DC5B21DDBAC4400933515 /* DAYIndicatorView.h */,
				9C2DC5B31DDBAC4400933515 /* DAYIndicatorView.m */,
				9C2DC5B41DDBAC4400933515 /* DAYNavigationBar.h */,
				9C2DC5B51DDBAC4400933515 /* DAYNavigationBar.m */,
				9C2DC5B61DDBAC4400933515 /* DAYUtils.h */,
				9C2DC5B71DDBAC4400933515 /* DAYUtils.m */,
			);
			name = Calendar;
			sourceTree = "<group>";
		};
		9C627C4B1ECCB2F900ED089D /* Hotel */ = {
			isa = PBXGroup;
			children = (
				9C2DC5991DDB7BDE00933515 /* HotelRatesTableViewCell.h */,
				9C2DC59A1DDB7BDE00933515 /* HotelRatesTableViewCell.m */,
				9C2DC57E1DD65F6400933515 /* HotelDetailViewController.h */,
				9C2DC57F1DD65F6400933515 /* HotelDetailViewController.m */,
				9C2DC58E1DDB6FF900933515 /* HotelRatesViewController.h */,
				9C2DC58F1DDB6FF900933515 /* HotelRatesViewController.m */,
				9C2DC5A21DDB9A9200933515 /* HotelContractViewController.h */,
				9C2DC5A31DDB9A9200933515 /* HotelContractViewController.m */,
				9C0BB23F1DF0B35300C3A06D /* HotelListTableViewCell.h */,
				9C0BB2401DF0B35300C3A06D /* HotelListTableViewCell.m */,
			);
			name = Hotel;
			sourceTree = "<group>";
		};
		9C627C4F1ECCC66700ED089D /* Utlilties */ = {
			isa = PBXGroup;
			children = (
				9C235CCC1EA908F800D8A167 /* UIColor+Extensions.h */,
				9C235CCD1EA908F800D8A167 /* UIColor+Extensions.m */,
				9C235CC91EA908C800D8A167 /* UIViewController+Navigation.h */,
				9C235CCA1EA908C800D8A167 /* UIViewController+Navigation.m */,
			);
			name = Utlilties;
			sourceTree = "<group>";
		};
/* End PBXGroup section */

/* Begin PBXHeadersBuildPhase section */
		9C2DC4F01DD23F0500933515 /* Headers */ = {
			isa = PBXHeadersBuildPhase;
			buildActionMask = 2147483647;
			files = (
				9C2DC5511DD2802E00933515 /* FlightDepartureParser.h in Headers */,
				9C2DC5441DD2727200933515 /* AirAutoCompleteAirportModel.h in Headers */,
				9C2DC5481DD274C400933515 /* AirAutoCompleteCityModel.h in Headers */,
				9C2DC5731DD52F6F00933515 /* HotelSearchParser.h in Headers */,
				9C2DC53D1DD2439600933515 /* PPNInternalManager.h in Headers */,
				9C2DC5391DD242FB00933515 /* PPNServices.h in Headers */,
				9C2DC5551DD2874600933515 /* FlightDepartureItineraryModel.h in Headers */,
				9C2DC5831DD668B000933515 /* HotelDetailParser.h in Headers */,
				9C2DC5931DDB759100933515 /* HotelRatesParser.h in Headers */,
				9C2DC5661DD5203100933515 /* HotelAutoCompleteAirportModel.h in Headers */,
				9C2DC56A1DD5234D00933515 /* HotelAutoCompleteCityModel.h in Headers */,
				9C2DC5771DD531D700933515 /* HotelSearchHotelModel.h in Headers */,
				9C2DC5871DD66B7700933515 /* HotelDetailModel.h in Headers */,
				9C2DC55E1DD4E37200933515 /* HotelAutoCompleteResults.h in Headers */,
				9C2DC5971DDB79FA00933515 /* HotelRatesModel.h in Headers */,
				9C2DC5AB1DDBA10000933515 /* HotelContractModel.h in Headers */,
				9C2DC5A01DDB998A00933515 /* HotelContractResults.h in Headers */,
				9C2DC58C1DDA402800933515 /* HotelRatesResults.h in Headers */,
				9C2DC57C1DD65CDD00933515 /* HotelDetailResults.h in Headers */,
				9C2DC56F1DD52C9000933515 /* HotelSearchResults.h in Headers */,
				9C2DC54D1DD279A500933515 /* FlightDepartureResults.h in Headers */,
				9C2DC5621DD4E72C00933515 /* HotelAutoCompleteParser.h in Headers */,
				9C2DC52B1DD23FEB00933515 /* PPNWebService.h in Headers */,
				9C2DC5231DD23FDC00933515 /* AirAutoCompleteResults.h in Headers */,
				9C2DC5211DD23FDC00933515 /* AirAutoCompleteParser.h in Headers */,
				9C2DC5291DD23FEB00933515 /* PPNClient.h in Headers */,
				9C2DC5301DD2403300933515 /* SSOrderedDictionary.h in Headers */,
				9C2DC5A71DDB9BCC00933515 /* HotelContractParser.h in Headers */,
				9C2DC4F81DD23F0500933515 /* PPNSdk.h in Headers */,
			);
			runOnlyForDeploymentPostprocessing = 0;
		};
/* End PBXHeadersBuildPhase section */

/* Begin PBXNativeTarget section */
		9C2DC4F21DD23F0500933515 /* PPNSdk */ = {
			isa = PBXNativeTarget;
			buildConfigurationList = 9C2DC4FB1DD23F0500933515 /* Build configuration list for PBXNativeTarget "PPNSdk" */;
			buildPhases = (
				9C2DC4EE1DD23F0500933515 /* Sources */,
				9C2DC4EF1DD23F0500933515 /* Frameworks */,
				9C2DC4F01DD23F0500933515 /* Headers */,
				9C2DC4F11DD23F0500933515 /* Resources */,
			);
			buildRules = (
			);
			dependencies = (
			);
			name = PPNSdk;
			productName = PPNSdk;
			productReference = 9C2DC4F31DD23F0500933515 /* PPNSdk.framework */;
			productType = "com.apple.product-type.framework";
		};
		9C2DC5011DD23F1400933515 /* ExampleApp */ = {
			isa = PBXNativeTarget;
			buildConfigurationList = 9C2DC5161DD23F1400933515 /* Build configuration list for PBXNativeTarget "ExampleApp" */;
			buildPhases = (
				9C2DC4FE1DD23F1400933515 /* Sources */,
				9C2DC4FF1DD23F1400933515 /* Frameworks */,
				9C2DC5001DD23F1400933515 /* Resources */,
				9C2DC5361DD2409100933515 /* Embed Frameworks */,
			);
			buildRules = (
			);
			dependencies = (
				9C2DC5351DD2409100933515 /* PBXTargetDependency */,
			);
			name = ExampleApp;
			productName = ExampleApp;
			productReference = 9C2DC5021DD23F1400933515 /* ExampleApp.app */;
			productType = "com.apple.product-type.application";
		};
/* End PBXNativeTarget section */

/* Begin PBXProject section */
		9C2DC4EA1DD23F0500933515 /* Project object */ = {
			isa = PBXProject;
			attributes = {
				LastUpgradeCheck = 0830;
				ORGANIZATIONNAME = KeyLimeTie;
				TargetAttributes = {
					9C2DC4F21DD23F0500933515 = {
						CreatedOnToolsVersion = 8.1;
						DevelopmentTeam = H72Y3J4J5V;
						ProvisioningStyle = Automatic;
					};
					9C2DC5011DD23F1400933515 = {
						CreatedOnToolsVersion = 8.1;
						DevelopmentTeam = H72Y3J4J5V;
						ProvisioningStyle = Automatic;
					};
				};
			};
			buildConfigurationList = 9C2DC4ED1DD23F0500933515 /* Build configuration list for PBXProject "PPNSdk" */;
			compatibilityVersion = "Xcode 3.2";
			developmentRegion = English;
			hasScannedForEncodings = 0;
			knownRegions = (
				en,
				Base,
			);
			mainGroup = 9C2DC4E91DD23F0500933515;
			productRefGroup = 9C2DC4F41DD23F0500933515 /* Products */;
			projectDirPath = "";
			projectRoot = "";
			targets = (
				9C2DC4F21DD23F0500933515 /* PPNSdk */,
				9C2DC5011DD23F1400933515 /* ExampleApp */,
			);
		};
/* End PBXProject section */

/* Begin PBXResourcesBuildPhase section */
		9C2DC4F11DD23F0500933515 /* Resources */ = {
			isa = PBXResourcesBuildPhase;
			buildActionMask = 2147483647;
			files = (
			);
			runOnlyForDeploymentPostprocessing = 0;
		};
		9C2DC5001DD23F1400933515 /* Resources */ = {
			isa = PBXResourcesBuildPhase;
			buildActionMask = 2147483647;
			files = (
				9C2DC5141DD23F1400933515 /* LaunchScreen.storyboard in Resources */,
				9C2DC5111DD23F1400933515 /* Assets.xcassets in Resources */,
				9C0BB2431DF0C33800C3A06D /* Media.xcassets in Resources */,
				9C2DC50F1DD23F1400933515 /* Main.storyboard in Resources */,
			);
			runOnlyForDeploymentPostprocessing = 0;
		};
/* End PBXResourcesBuildPhase section */

/* Begin PBXSourcesBuildPhase section */
		9C2DC4EE1DD23F0500933515 /* Sources */ = {
			isa = PBXSourcesBuildPhase;
			buildActionMask = 2147483647;
			files = (
				9C2DC5981DDB79FA00933515 /* HotelRatesModel.m in Sources */,
				9C2DC5491DD274C400933515 /* AirAutoCompleteCityModel.m in Sources */,
				9C2DC5631DD4E72C00933515 /* HotelAutoCompleteParser.m in Sources */,
				9C2DC5A11DDB998A00933515 /* HotelContractResults.m in Sources */,
				9C2DC5671DD5203100933515 /* HotelAutoCompleteAirportModel.m in Sources */,
				9C2DC55F1DD4E37200933515 /* HotelAutoCompleteResults.m in Sources */,
				9C2DC53E1DD2439600933515 /* PPNInternalManager.m in Sources */,
				9C2DC5941DDB759100933515 /* HotelRatesParser.m in Sources */,
				9C2DC5701DD52C9000933515 /* HotelSearchResults.m in Sources */,
				9C2DC5841DD668B000933515 /* HotelDetailParser.m in Sources */,
				9C2DC5451DD2727200933515 /* AirAutoCompleteAirportModel.m in Sources */,
				9C2DC5A81DDB9BCC00933515 /* HotelContractParser.m in Sources */,
				9C2DC5221DD23FDC00933515 /* AirAutoCompleteParser.m in Sources */,
				9C2DC57D1DD65CDD00933515 /* HotelDetailResults.m in Sources */,
				9C2DC5561DD2874600933515 /* FlightDepartureItineraryModel.m in Sources */,
				9C2DC52A1DD23FEB00933515 /* PPNClient.m in Sources */,
				9C2DC54E1DD279A500933515 /* FlightDepartureResults.m in Sources */,
				9C2DC5521DD2802E00933515 /* FlightDepartureParser.m in Sources */,
				9C2DC5781DD531D700933515 /* HotelSearchHotelModel.m in Sources */,
				9C2DC53A1DD242FB00933515 /* PPNServices.m in Sources */,
				9C2DC5241DD23FDC00933515 /* AirAutoCompleteResults.m in Sources */,
				9C2DC5881DD66B7700933515 /* HotelDetailModel.m in Sources */,
				9C2DC52C1DD23FEB00933515 /* PPNWebService.m in Sources */,
				9C2DC58D1DDA402800933515 /* HotelRatesResults.m in Sources */,
				9C2DC5311DD2403300933515 /* SSOrderedDictionary.m in Sources */,
				9C2DC56B1DD5234D00933515 /* HotelAutoCompleteCityModel.m in Sources */,
				9C2DC5AC1DDBA10000933515 /* HotelContractModel.m in Sources */,
				9C2DC5741DD52F6F00933515 /* HotelSearchParser.m in Sources */,
			);
			runOnlyForDeploymentPostprocessing = 0;
		};
		9C2DC4FE1DD23F1400933515 /* Sources */ = {
			isa = PBXSourcesBuildPhase;
			buildActionMask = 2147483647;
			files = (
				9C0BB23E1DF0962100C3A06D /* UIView+WebCacheOperation.m in Sources */,
				9C0BB2331DF0962100C3A06D /* SDWebImageDownloader.m in Sources */,
				9C2DC5A41DDB9A9200933515 /* HotelContractViewController.m in Sources */,
				9C0BB22C1DF0962100C3A06D /* MKAnnotationView+WebCache.m in Sources */,
				9C38E1EB1ECE3E7A0029E2F3 /* GuestsPopupViewController.m in Sources */,
				9C0BB2361DF0962100C3A06D /* SDWebImagePrefetcher.m in Sources */,
				9C2DC50C1DD23F1400933515 /* ViewController.m in Sources */,
				9C627C4E1ECCC3CD00ED089D /* SearchDestinationViewController.m in Sources */,
				9C2DC5901DDB6FF900933515 /* HotelRatesViewController.m in Sources */,
				9C0BB2391DF0962100C3A06D /* UIImage+MultiFormat.m in Sources */,
				9C0BB23A1DF0962100C3A06D /* UIImage+WebP.m in Sources */,
				9C2DC59B1DDB7BDE00933515 /* HotelRatesTableViewCell.m in Sources */,
				9C2DC5591DD3B61E00933515 /* ListViewController.m in Sources */,
				9C235CCB1EA908C800D8A167 /* UIViewController+Navigation.m in Sources */,
				9C627C4A1ECCA52B00ED089D /* HomeSuggestionCell.m in Sources */,
				9C0BB23C1DF0962100C3A06D /* UIImageView+WebCache.m in Sources */,
				9C0BB23D1DF0962100C3A06D /* UIView+WebCache.m in Sources */,
				9C2DC5B91DDBAC4400933515 /* DAYComponentView.m in Sources */,
				9C2DC5091DD23F1400933515 /* AppDelegate.m in Sources */,
				9C0BB22E1DF0962100C3A06D /* NSImage+WebCache.m in Sources */,
				9C2DC5BA1DDBAC4400933515 /* DAYIndicatorView.m in Sources */,
				9C627C521ECCE99E00ED089D /* CreateItineraryViewController.m in Sources */,
				9C0BB22D1DF0962100C3A06D /* NSData+ImageContentType.m in Sources */,
				9C2DC5801DD65F6400933515 /* HotelDetailViewController.m in Sources */,
				9C2DC5BC1DDBAC4400933515 /* DAYUtils.m in Sources */,
				9C0BB22F1DF0962100C3A06D /* SDImageCache.m in Sources */,
				9C235CCE1EA908F800D8A167 /* UIColor+Extensions.m in Sources */,
				9C0BB2411DF0B35300C3A06D /* HotelListTableViewCell.m in Sources */,
				9C0BB2301DF0962100C3A06D /* SDImageCacheConfig.m in Sources */,
				9C0BB2351DF0962100C3A06D /* SDWebImageManager.m in Sources */,
				9C0BB2321DF0962100C3A06D /* SDWebImageDecoder.m in Sources */,
				9C0BB2341DF0962100C3A06D /* SDWebImageDownloaderOperation.m in Sources */,
				9C2DC5061DD23F1400933515 /* main.m in Sources */,
				9C2DC5BB1DDBAC4400933515 /* DAYNavigationBar.m in Sources */,
				9C627C471ECC9CE000ED089D /* HomeViewController.m in Sources */,
				9C0BB2311DF0962100C3A06D /* SDWebImageCompat.m in Sources */,
				9C0BB2371DF0962100C3A06D /* UIButton+WebCache.m in Sources */,
				9C0BB23B1DF0962100C3A06D /* UIImageView+HighlightedWebCache.m in Sources */,
				9C0BB2381DF0962100C3A06D /* UIImage+GIF.m in Sources */,
				9C2DC5B81DDBAC4400933515 /* DAYCalendarView.m in Sources */,
			);
			runOnlyForDeploymentPostprocessing = 0;
		};
/* End PBXSourcesBuildPhase section */

/* Begin PBXTargetDependency section */
		9C2DC5351DD2409100933515 /* PBXTargetDependency */ = {
			isa = PBXTargetDependency;
			target = 9C2DC4F21DD23F0500933515 /* PPNSdk */;
			targetProxy = 9C2DC5341DD2409100933515 /* PBXContainerItemProxy */;
		};
/* End PBXTargetDependency section */

/* Begin PBXVariantGroup section */
		9C2DC50D1DD23F1400933515 /* Main.storyboard */ = {
			isa = PBXVariantGroup;
			children = (
				9C2DC50E1DD23F1400933515 /* Base */,
			);
			name = Main.storyboard;
			sourceTree = "<group>";
		};
		9C2DC5121DD23F1400933515 /* LaunchScreen.storyboard */ = {
			isa = PBXVariantGroup;
			children = (
				9C2DC5131DD23F1400933515 /* Base */,
			);
			name = LaunchScreen.storyboard;
			sourceTree = "<group>";
		};
/* End PBXVariantGroup section */

/* Begin XCBuildConfiguration section */
		9C2DC4F91DD23F0500933515 /* Debug */ = {
			isa = XCBuildConfiguration;
			buildSettings = {
				ALWAYS_SEARCH_USER_PATHS = NO;
				CLANG_ANALYZER_NONNULL = YES;
				CLANG_CXX_LANGUAGE_STANDARD = "gnu++0x";
				CLANG_CXX_LIBRARY = "libc++";
				CLANG_ENABLE_MODULES = YES;
				CLANG_ENABLE_OBJC_ARC = YES;
				CLANG_WARN_BOOL_CONVERSION = YES;
				CLANG_WARN_CONSTANT_CONVERSION = YES;
				CLANG_WARN_DIRECT_OBJC_ISA_USAGE = YES_ERROR;
				CLANG_WARN_DOCUMENTATION_COMMENTS = YES;
				CLANG_WARN_EMPTY_BODY = YES;
				CLANG_WARN_ENUM_CONVERSION = YES;
				CLANG_WARN_INFINITE_RECURSION = YES;
				CLANG_WARN_INT_CONVERSION = YES;
				CLANG_WARN_OBJC_ROOT_CLASS = YES_ERROR;
				CLANG_WARN_SUSPICIOUS_MOVE = YES;
				CLANG_WARN_SUSPICIOUS_MOVES = YES;
				CLANG_WARN_UNREACHABLE_CODE = YES;
				CLANG_WARN__DUPLICATE_METHOD_MATCH = YES;
				"CODE_SIGN_IDENTITY[sdk=iphoneos*]" = "iPhone Developer";
				COPY_PHASE_STRIP = NO;
				CURRENT_PROJECT_VERSION = 1;
				DEBUG_INFORMATION_FORMAT = dwarf;
				ENABLE_STRICT_OBJC_MSGSEND = YES;
				ENABLE_TESTABILITY = YES;
				GCC_C_LANGUAGE_STANDARD = gnu99;
				GCC_DYNAMIC_NO_PIC = NO;
				GCC_NO_COMMON_BLOCKS = YES;
				GCC_OPTIMIZATION_LEVEL = 0;
				GCC_PREPROCESSOR_DEFINITIONS = (
					"DEBUG=1",
					"$(inherited)",
				);
				GCC_WARN_64_TO_32_BIT_CONVERSION = YES;
				GCC_WARN_ABOUT_RETURN_TYPE = YES_ERROR;
				GCC_WARN_UNDECLARED_SELECTOR = YES;
				GCC_WARN_UNINITIALIZED_AUTOS = YES_AGGRESSIVE;
				GCC_WARN_UNUSED_FUNCTION = YES;
				GCC_WARN_UNUSED_VARIABLE = YES;
				IPHONEOS_DEPLOYMENT_TARGET = 10.1;
				MTL_ENABLE_DEBUG_INFO = YES;
				ONLY_ACTIVE_ARCH = YES;
				SDKROOT = iphoneos;
				TARGETED_DEVICE_FAMILY = "1,2";
				VERSIONING_SYSTEM = "apple-generic";
				VERSION_INFO_PREFIX = "";
			};
			name = Debug;
		};
		9C2DC4FA1DD23F0500933515 /* Release */ = {
			isa = XCBuildConfiguration;
			buildSettings = {
				ALWAYS_SEARCH_USER_PATHS = NO;
				CLANG_ANALYZER_NONNULL = YES;
				CLANG_CXX_LANGUAGE_STANDARD = "gnu++0x";
				CLANG_CXX_LIBRARY = "libc++";
				CLANG_ENABLE_MODULES = YES;
				CLANG_ENABLE_OBJC_ARC = YES;
				CLANG_WARN_BOOL_CONVERSION = YES;
				CLANG_WARN_CONSTANT_CONVERSION = YES;
				CLANG_WARN_DIRECT_OBJC_ISA_USAGE = YES_ERROR;
				CLANG_WARN_DOCUMENTATION_COMMENTS = YES;
				CLANG_WARN_EMPTY_BODY = YES;
				CLANG_WARN_ENUM_CONVERSION = YES;
				CLANG_WARN_INFINITE_RECURSION = YES;
				CLANG_WARN_INT_CONVERSION = YES;
				CLANG_WARN_OBJC_ROOT_CLASS = YES_ERROR;
				CLANG_WARN_SUSPICIOUS_MOVE = YES;
				CLANG_WARN_SUSPICIOUS_MOVES = YES;
				CLANG_WARN_UNREACHABLE_CODE = YES;
				CLANG_WARN__DUPLICATE_METHOD_MATCH = YES;
				"CODE_SIGN_IDENTITY[sdk=iphoneos*]" = "iPhone Developer";
				COPY_PHASE_STRIP = NO;
				CURRENT_PROJECT_VERSION = 1;
				DEBUG_INFORMATION_FORMAT = "dwarf-with-dsym";
				ENABLE_NS_ASSERTIONS = NO;
				ENABLE_STRICT_OBJC_MSGSEND = YES;
				GCC_C_LANGUAGE_STANDARD = gnu99;
				GCC_NO_COMMON_BLOCKS = YES;
				GCC_WARN_64_TO_32_BIT_CONVERSION = YES;
				GCC_WARN_ABOUT_RETURN_TYPE = YES_ERROR;
				GCC_WARN_UNDECLARED_SELECTOR = YES;
				GCC_WARN_UNINITIALIZED_AUTOS = YES_AGGRESSIVE;
				GCC_WARN_UNUSED_FUNCTION = YES;
				GCC_WARN_UNUSED_VARIABLE = YES;
				IPHONEOS_DEPLOYMENT_TARGET = 10.1;
				MTL_ENABLE_DEBUG_INFO = NO;
				SDKROOT = iphoneos;
				TARGETED_DEVICE_FAMILY = "1,2";
				VALIDATE_PRODUCT = YES;
				VERSIONING_SYSTEM = "apple-generic";
				VERSION_INFO_PREFIX = "";
			};
			name = Release;
		};
		9C2DC4FC1DD23F0500933515 /* Debug */ = {
			isa = XCBuildConfiguration;
			buildSettings = {
				CODE_SIGN_IDENTITY = "";
				DEFINES_MODULE = YES;
				DEVELOPMENT_TEAM = H72Y3J4J5V;
				DYLIB_COMPATIBILITY_VERSION = 1;
				DYLIB_CURRENT_VERSION = 1;
				DYLIB_INSTALL_NAME_BASE = "@rpath";
				INFOPLIST_FILE = PPNSdk/Info.plist;
				INSTALL_PATH = "$(LOCAL_LIBRARY_DIR)/Frameworks";
				IPHONEOS_DEPLOYMENT_TARGET = 8.0;
				LD_RUNPATH_SEARCH_PATHS = "$(inherited) @executable_path/Frameworks @loader_path/Frameworks";
				PRODUCT_BUNDLE_IDENTIFIER = com.keylimetie.PPNSdk;
				PRODUCT_NAME = "$(TARGET_NAME)";
				SKIP_INSTALL = YES;
			};
			name = Debug;
		};
		9C2DC4FD1DD23F0500933515 /* Release */ = {
			isa = XCBuildConfiguration;
			buildSettings = {
				CODE_SIGN_IDENTITY = "";
				DEFINES_MODULE = YES;
				DEVELOPMENT_TEAM = H72Y3J4J5V;
				DYLIB_COMPATIBILITY_VERSION = 1;
				DYLIB_CURRENT_VERSION = 1;
				DYLIB_INSTALL_NAME_BASE = "@rpath";
				INFOPLIST_FILE = PPNSdk/Info.plist;
				INSTALL_PATH = "$(LOCAL_LIBRARY_DIR)/Frameworks";
				IPHONEOS_DEPLOYMENT_TARGET = 8.0;
				LD_RUNPATH_SEARCH_PATHS = "$(inherited) @executable_path/Frameworks @loader_path/Frameworks";
				PRODUCT_BUNDLE_IDENTIFIER = com.keylimetie.PPNSdk;
				PRODUCT_NAME = "$(TARGET_NAME)";
				SKIP_INSTALL = YES;
			};
			name = Release;
		};
		9C2DC5171DD23F1400933515 /* Debug */ = {
			isa = XCBuildConfiguration;
			buildSettings = {
				ALWAYS_EMBED_SWIFT_STANDARD_LIBRARIES = YES;
				ASSETCATALOG_COMPILER_APPICON_NAME = AppIcon;
				DEVELOPMENT_TEAM = H72Y3J4J5V;
				FRAMEWORK_SEARCH_PATHS = (
					"$(inherited)",
					"$(PROJECT_DIR)/ExampleApp",
				);
				INFOPLIST_FILE = ExampleApp/Info.plist;
				IPHONEOS_DEPLOYMENT_TARGET = 9.3;
				LD_RUNPATH_SEARCH_PATHS = "$(inherited) @executable_path/Frameworks";
				PRODUCT_BUNDLE_IDENTIFIER = com.keylimetie.PPNSDKExampleApp;
				PRODUCT_NAME = "$(TARGET_NAME)";
			};
			name = Debug;
		};
		9C2DC5181DD23F1400933515 /* Release */ = {
			isa = XCBuildConfiguration;
			buildSettings = {
				ALWAYS_EMBED_SWIFT_STANDARD_LIBRARIES = YES;
				ASSETCATALOG_COMPILER_APPICON_NAME = AppIcon;
				DEVELOPMENT_TEAM = H72Y3J4J5V;
				FRAMEWORK_SEARCH_PATHS = (
					"$(inherited)",
					"$(PROJECT_DIR)/ExampleApp",
				);
				INFOPLIST_FILE = ExampleApp/Info.plist;
				IPHONEOS_DEPLOYMENT_TARGET = 9.3;
				LD_RUNPATH_SEARCH_PATHS = "$(inherited) @executable_path/Frameworks";
				PRODUCT_BUNDLE_IDENTIFIER = com.keylimetie.PPNSDKExampleApp;
				PRODUCT_NAME = "$(TARGET_NAME)";
			};
			name = Release;
		};
/* End XCBuildConfiguration section */

/* Begin XCConfigurationList section */
		9C2DC4ED1DD23F0500933515 /* Build configuration list for PBXProject "PPNSdk" */ = {
			isa = XCConfigurationList;
			buildConfigurations = (
				9C2DC4F91DD23F0500933515 /* Debug */,
				9C2DC4FA1DD23F0500933515 /* Release */,
			);
			defaultConfigurationIsVisible = 0;
			defaultConfigurationName = Release;
		};
		9C2DC4FB1DD23F0500933515 /* Build configuration list for PBXNativeTarget "PPNSdk" */ = {
			isa = XCConfigurationList;
			buildConfigurations = (
				9C2DC4FC1DD23F0500933515 /* Debug */,
				9C2DC4FD1DD23F0500933515 /* Release */,
			);
			defaultConfigurationIsVisible = 0;
			defaultConfigurationName = Release;
		};
		9C2DC5161DD23F1400933515 /* Build configuration list for PBXNativeTarget "ExampleApp" */ = {
			isa = XCConfigurationList;
			buildConfigurations = (
				9C2DC5171DD23F1400933515 /* Debug */,
				9C2DC5181DD23F1400933515 /* Release */,
			);
			defaultConfigurationIsVisible = 0;
			defaultConfigurationName = Release;
		};
/* End XCConfigurationList section */
	};
	rootObject = 9C2DC4EA1DD23F0500933515 /* Project object */;
}
